PODS:
  - AMError (0.2.6)
  - GHUnitIOS (0.5.8)
  - Kiwi (2.2.3):
    - Kiwi/SenTestingKit
  - Kiwi/ARC (2.2.3)
  - Kiwi/NonARC (2.2.3)
  - Kiwi/SenTestingKit (2.2.3):
    - Kiwi/ARC
    - Kiwi/NonARC
  - KSReachability (1.3)
  - MSWeakTimer (1.1.0)
  - OCMock (2.2.1)

DEPENDENCIES:
  - AMError (from `https://github.com/amrox/AMError.git`)
  - AMError (~> 0.2.6)
  - GHUnitIOS (~> 0.5.6)
  - Kiwi (~> 2.2.3)
  - KSReachability (~> 1.3)
  - MSWeakTimer (~> 1.1.0)
  - OCMock (~> 2.2.1)

EXTERNAL SOURCES:
  AMError:
    :git: https://github.com/amrox/AMError.git

SPEC CHECKSUMS:
  AMError: b6de49be1907bc5eb4e86ecc3cfbd7ca626b825d
  GHUnitIOS: 23167e22b8abe162d71f86bd4bda7550e53414cb
  Kiwi: 04c51e880831d291748ec702d42c4101f7eb95c9
  KSReachability: 6883b291ce3bf8e0c95c86b4cced07d7169f9fc4
  MSWeakTimer: 2cd8d15b58e634517e83a7e433782faa8214a27f
  OCMock: 80e4cfbc71a0e1bd28caf10a9fda27da7c4c8402

COCOAPODS: 0.28.0
