PODS:
  - GHUnitIOS (0.5.6)
  - Kiwi (2.2.1):
    - Kiwi/ARC
    - Kiwi/NonARC
  - Kiwi/ARC (2.2.1)
  - Kiwi/NonARC (2.2.1)
  - OCMock (2.2.1)

DEPENDENCIES:
  - GHUnitIOS (~> 0.5.6)
  - Kiwi (~> 2.2.1)
  - OCMock (~> 2.2.1)

SPEC CHECKSUMS:
  GHUnitIOS: bf149b2c44084eee2785ce4ac3675c3a699e509d
  Kiwi: e6524ba0eaa1b28af7af146bdee5314b32aa3edb
  OCMock: 80e4cfbc71a0e1bd28caf10a9fda27da7c4c8402

COCOAPODS: 0.25.0
