PODS:
  - GHUnitIOS (0.5.8)
  - Kiwi (2.4.0)
  - OCMock (2.2.2)

DEPENDENCIES:
  - GHUnitIOS (~> 0.5.6)
  - Kiwi (~> 2.4.0)
  - OCMock (~> 2.2.1)

SPEC REPOS:
  trunk:
    - GHUnitIOS
    - Kiwi
    - OCMock

SPEC CHECKSUMS:
  GHUnitIOS: 6b098f0ca4887ab7a3ec2f130280f109e93da055
  Kiwi: f49c9d54b28917df5928fe44968a39ed198cb8a8
  OCMock: c8b8928d457c8f1873d563537ab1cc31bef40b87

PODFILE CHECKSUM: f4f9b35e6df75c30ba3032fed8cfe0ad2c424ea7

COCOAPODS: 1.11.3
