// !$*UTF8*$!
{
	archiveVersion = 1;
	classes = {
	};
	objectVersion = 46;
	objects = {

/* Begin PBXBuildFile section */
		B30B763C14B75750004E6587 /* libz.dylib in Frameworks */ = {isa = PBXBuildFile; fileRef = B30B763B14B75750004E6587 /* libz.dylib */; };
		B3105722148D94480069F0D5 /* KSJSON.h in Headers */ = {isa = PBXBuildFile; fileRef = B3105721148D94480069F0D5 /* KSJSON.h */; };
		B3105724148D94550069F0D5 /* AMFoundation.h in Headers */ = {isa = PBXBuildFile; fileRef = B3105723148D94550069F0D5 /* AMFoundation.h */; };
		B31F797D14C5619B001A3A32 /* NSFileManager+Tar.h in Headers */ = {isa = PBXBuildFile; fileRef = B31F797B14C5619B001A3A32 /* NSFileManager+Tar.h */; };
		B31F797E14C5619B001A3A32 /* NSFileManager+Tar.m in Sources */ = {isa = PBXBuildFile; fileRef = B31F797C14C5619B001A3A32 /* NSFileManager+Tar.m */; };
		B3215E2214BE5AF800FC7FA7 /* ZincTaskDescriptor.h in Headers */ = {isa = PBXBuildFile; fileRef = B3215E2014BE5AF800FC7FA7 /* ZincTaskDescriptor.h */; };
		B3215E2314BE5AF800FC7FA7 /* ZincTaskDescriptor.m in Sources */ = {isa = PBXBuildFile; fileRef = B3215E2114BE5AF800FC7FA7 /* ZincTaskDescriptor.m */; };
		B3215E2614BE600E00FC7FA7 /* ZincResource.h in Headers */ = {isa = PBXBuildFile; fileRef = B3215E2414BE600E00FC7FA7 /* ZincResource.h */; };
		B3215E2714BE600E00FC7FA7 /* ZincResource.m in Sources */ = {isa = PBXBuildFile; fileRef = B3215E2514BE600E00FC7FA7 /* ZincResource.m */; };
		B3215E2A14BE7E3C00FC7FA7 /* ZincCatalogUpdateTask.h in Headers */ = {isa = PBXBuildFile; fileRef = B3215E2814BE7E3B00FC7FA7 /* ZincCatalogUpdateTask.h */; };
		B3215E2B14BE7E3C00FC7FA7 /* ZincCatalogUpdateTask.m in Sources */ = {isa = PBXBuildFile; fileRef = B3215E2914BE7E3B00FC7FA7 /* ZincCatalogUpdateTask.m */; };
		B3215E2E14BF67CC00FC7FA7 /* ZincOperationQueueGroup.h in Headers */ = {isa = PBXBuildFile; fileRef = B3215E2C14BF67CB00FC7FA7 /* ZincOperationQueueGroup.h */; };
		B3215E2F14BF67CC00FC7FA7 /* ZincOperationQueueGroup.m in Sources */ = {isa = PBXBuildFile; fileRef = B3215E2D14BF67CB00FC7FA7 /* ZincOperationQueueGroup.m */; };
		B3215E3214BF7C6200FC7FA7 /* ZincRepoIndex.h in Headers */ = {isa = PBXBuildFile; fileRef = B3215E3014BF7C6000FC7FA7 /* ZincRepoIndex.h */; };
		B3215E3314BF7C6200FC7FA7 /* ZincRepoIndex.m in Sources */ = {isa = PBXBuildFile; fileRef = B3215E3114BF7C6100FC7FA7 /* ZincRepoIndex.m */; };
		B3215E3614BFAF1A00FC7FA7 /* ZincRepoIndexUpdateTask.h in Headers */ = {isa = PBXBuildFile; fileRef = B3215E3414BFAF1700FC7FA7 /* ZincRepoIndexUpdateTask.h */; };
		B3215E3714BFAF1A00FC7FA7 /* ZincRepoIndexUpdateTask.m in Sources */ = {isa = PBXBuildFile; fileRef = B3215E3514BFAF1900FC7FA7 /* ZincRepoIndexUpdateTask.m */; };
		B3215E3814BFC68D00FC7FA7 /* libz.dylib in Frameworks */ = {isa = PBXBuildFile; fileRef = B30B763B14B75750004E6587 /* libz.dylib */; };
		B3215E3B14BFC6DA00FC7FA7 /* ZincResourceTests.m in Sources */ = {isa = PBXBuildFile; fileRef = B3215E3A14BFC6DA00FC7FA7 /* ZincResourceTests.m */; };
		B326A94814B11B7E00CED8DF /* NSData+Zinc.h in Headers */ = {isa = PBXBuildFile; fileRef = B326A94614B11B7E00CED8DF /* NSData+Zinc.h */; };
		B326A94914B11B7E00CED8DF /* NSData+Zinc.m in Sources */ = {isa = PBXBuildFile; fileRef = B326A94714B11B7E00CED8DF /* NSData+Zinc.m */; };
		B327068114B77FAB004E3244 /* ZincEvent.h in Headers */ = {isa = PBXBuildFile; fileRef = B327067F14B77FAB004E3244 /* ZincEvent.h */; };
		B327068214B77FAB004E3244 /* ZincEvent.m in Sources */ = {isa = PBXBuildFile; fileRef = B327068014B77FAB004E3244 /* ZincEvent.m */; };
		B32706C814BAA5BD004E3244 /* ZincRepo+Private.h in Headers */ = {isa = PBXBuildFile; fileRef = B32706C714BAA5BD004E3244 /* ZincRepo+Private.h */; };
		B327070A14BC20F9004E3244 /* ZincBundleCloneTask.h in Headers */ = {isa = PBXBuildFile; fileRef = B327070814BC20F7004E3244 /* ZincBundleCloneTask.h */; };
		B327070B14BC20F9004E3244 /* ZincBundleCloneTask.m in Sources */ = {isa = PBXBuildFile; fileRef = B327070914BC20F8004E3244 /* ZincBundleCloneTask.m */; };
		B327070E14BCC723004E3244 /* ZincTask.h in Headers */ = {isa = PBXBuildFile; fileRef = B327070C14BCC722004E3244 /* ZincTask.h */; };
		B327070F14BCC724004E3244 /* ZincTask.m in Sources */ = {isa = PBXBuildFile; fileRef = B327070D14BCC723004E3244 /* ZincTask.m */; };
		B327071214BCCB94004E3244 /* ZincSourceUpdateTask.h in Headers */ = {isa = PBXBuildFile; fileRef = B327071014BCCB88004E3244 /* ZincSourceUpdateTask.h */; };
		B327071314BCCB94004E3244 /* ZincSourceUpdateTask.m in Sources */ = {isa = PBXBuildFile; fileRef = B327071114BCCB8B004E3244 /* ZincSourceUpdateTask.m */; };
		B327071614BCE12D004E3244 /* ZincManifestDownloadTask.h in Headers */ = {isa = PBXBuildFile; fileRef = B327071414BCE12B004E3244 /* ZincManifestDownloadTask.h */; };
		B327071714BCE12D004E3244 /* ZincManifestDownloadTask.m in Sources */ = {isa = PBXBuildFile; fileRef = B327071514BCE12C004E3244 /* ZincManifestDownloadTask.m */; };
		B327071E14BCE758004E3244 /* ZincObjectDownloadTask.h in Headers */ = {isa = PBXBuildFile; fileRef = B327071C14BCE754004E3244 /* ZincObjectDownloadTask.h */; };
		B327071F14BCE758004E3244 /* ZincObjectDownloadTask.m in Sources */ = {isa = PBXBuildFile; fileRef = B327071D14BCE756004E3244 /* ZincObjectDownloadTask.m */; };
		B327D4B114AE6F410051416F /* sha1.c in Sources */ = {isa = PBXBuildFile; fileRef = B327D4AF14AE6F410051416F /* sha1.c */; };
		B327D4B214AE6F410051416F /* sha1.h in Headers */ = {isa = PBXBuildFile; fileRef = B327D4B014AE6F410051416F /* sha1.h */; };
		B327D4BF14AE75DC0051416F /* ZincFileManagerTest.m in Sources */ = {isa = PBXBuildFile; fileRef = B327D4BC14AE75C20051416F /* ZincFileManagerTest.m */; };
		B3316A2A14C648F000AEAD6C /* ZincArchiveDownloadTask.h in Headers */ = {isa = PBXBuildFile; fileRef = B3316A2814C648F000AEAD6C /* ZincArchiveDownloadTask.h */; };
		B3316A2B14C648F000AEAD6C /* ZincArchiveDownloadTask.m in Sources */ = {isa = PBXBuildFile; fileRef = B3316A2914C648F000AEAD6C /* ZincArchiveDownloadTask.m */; };
		B3316A2E14C6754400AEAD6C /* ZincArchiveExtractOperation.h in Headers */ = {isa = PBXBuildFile; fileRef = B3316A2C14C6754200AEAD6C /* ZincArchiveExtractOperation.h */; };
		B3316A2F14C6754400AEAD6C /* ZincArchiveExtractOperation.m in Sources */ = {isa = PBXBuildFile; fileRef = B3316A2D14C6754300AEAD6C /* ZincArchiveExtractOperation.m */; };
		B338E4E014CCC33200BC0915 /* ZincDeepCopying.h in Headers */ = {isa = PBXBuildFile; fileRef = B338E4DE14CCC33200BC0915 /* ZincDeepCopying.h */; };
		B338E4E114CCC33200BC0915 /* ZincDeepCopying.m in Sources */ = {isa = PBXBuildFile; fileRef = B338E4DF14CCC33200BC0915 /* ZincDeepCopying.m */; };
		B338E50614CDEDBE00BC0915 /* ZincSerialQueueProxy.h in Headers */ = {isa = PBXBuildFile; fileRef = B338E50414CDEDBE00BC0915 /* ZincSerialQueueProxy.h */; };
		B338E50714CDEDBE00BC0915 /* ZincSerialQueueProxy.m in Sources */ = {isa = PBXBuildFile; fileRef = B338E50514CDEDBE00BC0915 /* ZincSerialQueueProxy.m */; };
		B338E50914CE0FBC00BC0915 /* ZincGlobals.m in Sources */ = {isa = PBXBuildFile; fileRef = B338E50814CE0FBB00BC0915 /* ZincGlobals.m */; };
		B340F971148D52D800206F86 /* Foundation.framework in Frameworks */ = {isa = PBXBuildFile; fileRef = B387430A1489B830004B227B /* Foundation.framework */; };
		B340F97E148D52D800206F86 /* SenTestingKit.framework in Frameworks */ = {isa = PBXBuildFile; fileRef = B340F94A148D514600206F86 /* SenTestingKit.framework */; };
		B340F97F148D52D800206F86 /* UIKit.framework in Frameworks */ = {isa = PBXBuildFile; fileRef = B38743081489B830004B227B /* UIKit.framework */; };
		B340F980148D52D800206F86 /* Foundation.framework in Frameworks */ = {isa = PBXBuildFile; fileRef = B387430A1489B830004B227B /* Foundation.framework */; };
		B340F983148D52D800206F86 /* libZinc.a in Frameworks */ = {isa = PBXBuildFile; fileRef = B340F970148D52D800206F86 /* libZinc.a */; };
		B340F989148D52D800206F86 /* InfoPlist.strings in Resources */ = {isa = PBXBuildFile; fileRef = B340F987148D52D800206F86 /* InfoPlist.strings */; };
		B340F98C148D52D800206F86 /* ZincFunctionalTests.m in Sources */ = {isa = PBXBuildFile; fileRef = B340F98B148D52D800206F86 /* ZincFunctionalTests.m */; };
		B340F995148D543B00206F86 /* ZincBundle.h in Headers */ = {isa = PBXBuildFile; fileRef = B340F993148D543B00206F86 /* ZincBundle.h */; };
		B340F996148D543B00206F86 /* ZincBundle.m in Sources */ = {isa = PBXBuildFile; fileRef = B340F994148D543B00206F86 /* ZincBundle.m */; };
		B340F999148D546300206F86 /* libZinc.a in Frameworks */ = {isa = PBXBuildFile; fileRef = B340F970148D52D800206F86 /* libZinc.a */; };
		B340F99B148D563000206F86 /* ZincBundle+Private.h in Headers */ = {isa = PBXBuildFile; fileRef = B340F99A148D563000206F86 /* ZincBundle+Private.h */; };
		B340F9B4148D581200206F86 /* libOCMock.a in Frameworks */ = {isa = PBXBuildFile; fileRef = B340F9B3148D581200206F86 /* libOCMock.a */; };
		B340F9BC148D5C6200206F86 /* ZincBundleTests.m in Sources */ = {isa = PBXBuildFile; fileRef = B340F9BB148D5C6200206F86 /* ZincBundleTests.m */; };
		B340FA04148D608D00206F86 /* NSFileManager+Zinc.h in Headers */ = {isa = PBXBuildFile; fileRef = B340FA02148D608D00206F86 /* NSFileManager+Zinc.h */; };
		B340FA05148D608D00206F86 /* NSFileManager+Zinc.m in Sources */ = {isa = PBXBuildFile; fileRef = B340FA03148D608D00206F86 /* NSFileManager+Zinc.m */; };
		B340FA0C148D67C400206F86 /* SenTestCase+MethodSwizzling.m in Sources */ = {isa = PBXBuildFile; fileRef = B340FA0B148D67C400206F86 /* SenTestCase+MethodSwizzling.m */; };
		B340FA0F148D7DC100206F86 /* ZincErrors.h in Headers */ = {isa = PBXBuildFile; fileRef = B340FA0E148D7DC100206F86 /* ZincErrors.h */; };
		B3549DCB148D950500DD63D1 /* libAMFoundation_iOS.a in Frameworks */ = {isa = PBXBuildFile; fileRef = B310570E148D93980069F0D5 /* libAMFoundation_iOS.a */; };
		B3549DCF148D957900DD63D1 /* KSJSON.m in Sources */ = {isa = PBXBuildFile; fileRef = B3549DCE148D957900DD63D1 /* KSJSON.m */; };
		B3549DEF148DB80900DD63D1 /* ZincManifest.h in Headers */ = {isa = PBXBuildFile; fileRef = B3549DED148DB80900DD63D1 /* ZincManifest.h */; };
		B3549DF0148DB80900DD63D1 /* ZincManifest.m in Sources */ = {isa = PBXBuildFile; fileRef = B3549DEE148DB80900DD63D1 /* ZincManifest.m */; };
		B3549DF3148DC0ED00DD63D1 /* Data in Resources */ = {isa = PBXBuildFile; fileRef = B3549DF2148DC0ED00DD63D1 /* Data */; };
		B38743091489B830004B227B /* UIKit.framework in Frameworks */ = {isa = PBXBuildFile; fileRef = B38743081489B830004B227B /* UIKit.framework */; };
		B387430B1489B830004B227B /* Foundation.framework in Frameworks */ = {isa = PBXBuildFile; fileRef = B387430A1489B830004B227B /* Foundation.framework */; };
		B387430D1489B830004B227B /* CoreGraphics.framework in Frameworks */ = {isa = PBXBuildFile; fileRef = B387430C1489B830004B227B /* CoreGraphics.framework */; };
		B38743131489B830004B227B /* InfoPlist.strings in Resources */ = {isa = PBXBuildFile; fileRef = B38743111489B830004B227B /* InfoPlist.strings */; };
		B38743151489B830004B227B /* main.m in Sources */ = {isa = PBXBuildFile; fileRef = B38743141489B830004B227B /* main.m */; };
		B38743191489B830004B227B /* AppDelegate.m in Sources */ = {isa = PBXBuildFile; fileRef = B38743181489B830004B227B /* AppDelegate.m */; };
		B387431C1489B830004B227B /* ViewController.m in Sources */ = {isa = PBXBuildFile; fileRef = B387431B1489B830004B227B /* ViewController.m */; };
		B387431F1489B830004B227B /* ViewController.xib in Resources */ = {isa = PBXBuildFile; fileRef = B387431D1489B830004B227B /* ViewController.xib */; };
		B38A06F314C0DADC00AEC367 /* UIImage+Zinc.h in Headers */ = {isa = PBXBuildFile; fileRef = B38A06F114C0DADC00AEC367 /* UIImage+Zinc.h */; };
		B38A06F414C0DADC00AEC367 /* UIImage+Zinc.m in Sources */ = {isa = PBXBuildFile; fileRef = B38A06F214C0DADC00AEC367 /* UIImage+Zinc.m */; };
		B3AE4614149C0DDC00767CBD /* ZincCatalog.h in Headers */ = {isa = PBXBuildFile; fileRef = B3AE4612149C0DDC00767CBD /* ZincCatalog.h */; };
		B3AE4615149C0DDC00767CBD /* ZincCatalog.m in Sources */ = {isa = PBXBuildFile; fileRef = B3AE4613149C0DDC00767CBD /* ZincCatalog.m */; };
		B3AE4635149C1D3400767CBD /* AFHTTPClient.h in Headers */ = {isa = PBXBuildFile; fileRef = B3AE461F149C1D3400767CBD /* AFHTTPClient.h */; };
		B3AE4636149C1D3400767CBD /* AFHTTPClient.m in Sources */ = {isa = PBXBuildFile; fileRef = B3AE4620149C1D3400767CBD /* AFHTTPClient.m */; };
		B3AE4637149C1D3400767CBD /* AFHTTPRequestOperation.h in Headers */ = {isa = PBXBuildFile; fileRef = B3AE4621149C1D3400767CBD /* AFHTTPRequestOperation.h */; };
		B3AE4638149C1D3400767CBD /* AFHTTPRequestOperation.m in Sources */ = {isa = PBXBuildFile; fileRef = B3AE4622149C1D3400767CBD /* AFHTTPRequestOperation.m */; };
		B3AE4639149C1D3400767CBD /* AFImageCache.h in Headers */ = {isa = PBXBuildFile; fileRef = B3AE4623149C1D3400767CBD /* AFImageCache.h */; };
		B3AE463A149C1D3400767CBD /* AFImageCache.m in Sources */ = {isa = PBXBuildFile; fileRef = B3AE4624149C1D3400767CBD /* AFImageCache.m */; };
		B3AE463B149C1D3400767CBD /* AFImageRequestOperation.h in Headers */ = {isa = PBXBuildFile; fileRef = B3AE4625149C1D3400767CBD /* AFImageRequestOperation.h */; };
		B3AE463C149C1D3400767CBD /* AFImageRequestOperation.m in Sources */ = {isa = PBXBuildFile; fileRef = B3AE4626149C1D3400767CBD /* AFImageRequestOperation.m */; };
		B3AE463D149C1D3400767CBD /* AFJSONRequestOperation.h in Headers */ = {isa = PBXBuildFile; fileRef = B3AE4627149C1D3400767CBD /* AFJSONRequestOperation.h */; };
		B3AE463E149C1D3400767CBD /* AFJSONRequestOperation.m in Sources */ = {isa = PBXBuildFile; fileRef = B3AE4628149C1D3400767CBD /* AFJSONRequestOperation.m */; };
		B3AE463F149C1D3400767CBD /* AFJSONUtilities.h in Headers */ = {isa = PBXBuildFile; fileRef = B3AE4629149C1D3400767CBD /* AFJSONUtilities.h */; };
		B3AE4640149C1D3400767CBD /* AFNetworkActivityIndicatorManager.h in Headers */ = {isa = PBXBuildFile; fileRef = B3AE462A149C1D3400767CBD /* AFNetworkActivityIndicatorManager.h */; };
		B3AE4641149C1D3400767CBD /* AFNetworkActivityIndicatorManager.m in Sources */ = {isa = PBXBuildFile; fileRef = B3AE462B149C1D3400767CBD /* AFNetworkActivityIndicatorManager.m */; };
		B3AE4642149C1D3400767CBD /* AFNetworking.h in Headers */ = {isa = PBXBuildFile; fileRef = B3AE462C149C1D3400767CBD /* AFNetworking.h */; };
		B3AE4643149C1D3400767CBD /* AFPropertyListRequestOperation.h in Headers */ = {isa = PBXBuildFile; fileRef = B3AE462D149C1D3400767CBD /* AFPropertyListRequestOperation.h */; };
		B3AE4644149C1D3400767CBD /* AFPropertyListRequestOperation.m in Sources */ = {isa = PBXBuildFile; fileRef = B3AE462E149C1D3400767CBD /* AFPropertyListRequestOperation.m */; };
		B3AE4645149C1D3400767CBD /* AFURLConnectionOperation.h in Headers */ = {isa = PBXBuildFile; fileRef = B3AE462F149C1D3400767CBD /* AFURLConnectionOperation.h */; };
		B3AE4646149C1D3400767CBD /* AFURLConnectionOperation.m in Sources */ = {isa = PBXBuildFile; fileRef = B3AE4630149C1D3400767CBD /* AFURLConnectionOperation.m */; };
		B3AE4647149C1D3400767CBD /* AFXMLRequestOperation.h in Headers */ = {isa = PBXBuildFile; fileRef = B3AE4631149C1D3400767CBD /* AFXMLRequestOperation.h */; };
		B3AE4648149C1D3400767CBD /* AFXMLRequestOperation.m in Sources */ = {isa = PBXBuildFile; fileRef = B3AE4632149C1D3400767CBD /* AFXMLRequestOperation.m */; };
		B3AE4649149C1D3400767CBD /* UIImageView+AFNetworking.h in Headers */ = {isa = PBXBuildFile; fileRef = B3AE4633149C1D3400767CBD /* UIImageView+AFNetworking.h */; };
		B3AE464A149C1D3400767CBD /* UIImageView+AFNetworking.m in Sources */ = {isa = PBXBuildFile; fileRef = B3AE4634149C1D3400767CBD /* UIImageView+AFNetworking.m */; };
		B3AE464D149C1FA800767CBD /* ZincSource.h in Headers */ = {isa = PBXBuildFile; fileRef = B3AE464B149C1FA700767CBD /* ZincSource.h */; };
		B3AE464E149C1FA800767CBD /* ZincSource.m in Sources */ = {isa = PBXBuildFile; fileRef = B3AE464C149C1FA700767CBD /* ZincSource.m */; };
		B3BE1CD914D79ECA00C61515 /* ZincDownloadTask.h in Headers */ = {isa = PBXBuildFile; fileRef = B3BE1CD714D79EC600C61515 /* ZincDownloadTask.h */; };
		B3BE1CDA14D79ECA00C61515 /* ZincDownloadTask.m in Sources */ = {isa = PBXBuildFile; fileRef = B3BE1CD814D79EC800C61515 /* ZincDownloadTask.m */; };
		B3BE1CDC14D79F0900C61515 /* ZincDownloadTask+Private.h in Headers */ = {isa = PBXBuildFile; fileRef = B3BE1CDB14D79F0700C61515 /* ZincDownloadTask+Private.h */; };
		B3CEEC0214BE0F270023DF5B /* ZincBundleDeleteTask.h in Headers */ = {isa = PBXBuildFile; fileRef = B3CEEC0014BE0F270023DF5B /* ZincBundleDeleteTask.h */; };
		B3CEEC0314BE0F270023DF5B /* ZincBundleDeleteTask.m in Sources */ = {isa = PBXBuildFile; fileRef = B3CEEC0114BE0F270023DF5B /* ZincBundleDeleteTask.m */; };
		B3D2CA1814C5FC1A00717B2E /* ZincManifestTests.m in Sources */ = {isa = PBXBuildFile; fileRef = B3D2CA1714C5FC1A00717B2E /* ZincManifestTests.m */; };
		B3D8E6F214D8B84D00D993F0 /* BundleListViewController.m in Sources */ = {isa = PBXBuildFile; fileRef = B3D8E6F114D8B84D00D993F0 /* BundleListViewController.m */; };
		B3DB05CE14DA0DB600438665 /* BundleDetailViewController.m in Sources */ = {isa = PBXBuildFile; fileRef = B3DB05CC14DA0DB600438665 /* BundleDetailViewController.m */; };
		B3DB05CF14DA0DB600438665 /* BundleDetailViewController.xib in Resources */ = {isa = PBXBuildFile; fileRef = B3DB05CD14DA0DB600438665 /* BundleDetailViewController.xib */; };
		B3E46AB614C0DEDA00030349 /* UIImageZincTests.m in Sources */ = {isa = PBXBuildFile; fileRef = B3E46AB514C0DEDA00030349 /* UIImageZincTests.m */; };
		B3E46B5614C3DF7900030349 /* ZincUtils.h in Headers */ = {isa = PBXBuildFile; fileRef = B3E46B5414C3DF7800030349 /* ZincUtils.h */; };
		B3E46B5714C3DF7900030349 /* ZincUtils.m in Sources */ = {isa = PBXBuildFile; fileRef = B3E46B5514C3DF7800030349 /* ZincUtils.m */; };
		B3E46B5914C3E0EB00030349 /* Zinc.h in Headers */ = {isa = PBXBuildFile; fileRef = B3E46B5814C3E0EA00030349 /* Zinc.h */; };
		B3E46B9E14C4C00400030349 /* ZincRepoIndexTests.h in Headers */ = {isa = PBXBuildFile; fileRef = B3E46B9C14C4C00400030349 /* ZincRepoIndexTests.h */; };
		B3E46BA014C4C01800030349 /* ZincRepoIndexTests.m in Sources */ = {isa = PBXBuildFile; fileRef = B3E46B9D14C4C00400030349 /* ZincRepoIndexTests.m */; };
		B3EACD8614BD4907004D90EC /* ZincGarbageCollectTask.h in Headers */ = {isa = PBXBuildFile; fileRef = B3EACD8414BD4905004D90EC /* ZincGarbageCollectTask.h */; };
		B3EACD8714BD4907004D90EC /* ZincGarbageCollectTask.m in Sources */ = {isa = PBXBuildFile; fileRef = B3EACD8514BD4906004D90EC /* ZincGarbageCollectTask.m */; };
		B3F8AF76148EFCDF00CB92B5 /* ZincRepo.h in Headers */ = {isa = PBXBuildFile; fileRef = B3F8AF74148EFCDF00CB92B5 /* ZincRepo.h */; };
		B3F8AF77148EFCDF00CB92B5 /* ZincRepo.m in Sources */ = {isa = PBXBuildFile; fileRef = B3F8AF75148EFCDF00CB92B5 /* ZincRepo.m */; };
/* End PBXBuildFile section */

/* Begin PBXContainerItemProxy section */
		B3105700148D93670069F0D5 /* PBXContainerItemProxy */ = {
			isa = PBXContainerItemProxy;
			containerPortal = B31056F8148D93670069F0D5 /* KSJSON.xcodeproj */;
			proxyType = 2;
			remoteGlobalIDString = 398D070D145E5A9C00E0213B;
			remoteInfo = KSJSON;
		};
		B3105702148D93670069F0D5 /* PBXContainerItemProxy */ = {
			isa = PBXContainerItemProxy;
			containerPortal = B31056F8148D93670069F0D5 /* KSJSON.xcodeproj */;
			proxyType = 2;
			remoteGlobalIDString = 398D071D145E5A9C00E0213B;
			remoteInfo = KSJSONTests;
		};
		B310570D148D93980069F0D5 /* PBXContainerItemProxy */ = {
			isa = PBXContainerItemProxy;
			containerPortal = B3105704148D93980069F0D5 /* AMFoundation.xcodeproj */;
			proxyType = 2;
			remoteGlobalIDString = B3204DD3136388600061A1CE;
			remoteInfo = AMFoundation_iOS;
		};
		B310570F148D93980069F0D5 /* PBXContainerItemProxy */ = {
			isa = PBXContainerItemProxy;
			containerPortal = B3105704148D93980069F0D5 /* AMFoundation.xcodeproj */;
			proxyType = 2;
			remoteGlobalIDString = B3204DE11363888B0061A1CE;
			remoteInfo = AMFoundation_Mac;
		};
		B3105711148D93980069F0D5 /* PBXContainerItemProxy */ = {
			isa = PBXContainerItemProxy;
			containerPortal = B3105704148D93980069F0D5 /* AMFoundation.xcodeproj */;
			proxyType = 2;
			remoteGlobalIDString = B3204DB4136388230061A1CE;
			remoteInfo = AMFoundationTests;
		};
		B3105713148D93B40069F0D5 /* PBXContainerItemProxy */ = {
			isa = PBXContainerItemProxy;
			containerPortal = B3105704148D93980069F0D5 /* AMFoundation.xcodeproj */;
			proxyType = 1;
			remoteGlobalIDString = B3204DD2136388600061A1CE;
			remoteInfo = AMFoundation_iOS;
		};
		B3105715148D93B70069F0D5 /* PBXContainerItemProxy */ = {
			isa = PBXContainerItemProxy;
			containerPortal = B31056F8148D93670069F0D5 /* KSJSON.xcodeproj */;
			proxyType = 1;
			remoteGlobalIDString = 398D070C145E5A9C00E0213B;
			remoteInfo = KSJSON;
		};
		B340F981148D52D800206F86 /* PBXContainerItemProxy */ = {
			isa = PBXContainerItemProxy;
			containerPortal = B38742FB1489B830004B227B /* Project object */;
			proxyType = 1;
			remoteGlobalIDString = B340F96F148D52D800206F86;
			remoteInfo = Zinc;
		};
		B340F997148D544B00206F86 /* PBXContainerItemProxy */ = {
			isa = PBXContainerItemProxy;
			containerPortal = B38742FB1489B830004B227B /* Project object */;
			proxyType = 1;
			remoteGlobalIDString = B340F96F148D52D800206F86;
			remoteInfo = Zinc;
		};
/* End PBXContainerItemProxy section */

/* Begin PBXFileReference section */
		B30B763B14B75750004E6587 /* libz.dylib */ = {isa = PBXFileReference; lastKnownFileType = "compiled.mach-o.dylib"; name = libz.dylib; path = usr/lib/libz.dylib; sourceTree = SDKROOT; };
		B31056F5148D8E430069F0D5 /* libKSJSON.a */ = {isa = PBXFileReference; lastKnownFileType = archive.ar; name = libKSJSON.a; path = "KSJSON/build/Release-iphoneos/libKSJSON.a"; sourceTree = "<group>"; };
		B31056F8148D93670069F0D5 /* KSJSON.xcodeproj */ = {isa = PBXFileReference; lastKnownFileType = "wrapper.pb-project"; name = KSJSON.xcodeproj; path = Dependencies/KSJSON/KSJSON.xcodeproj; sourceTree = SOURCE_ROOT; };
		B3105704148D93980069F0D5 /* AMFoundation.xcodeproj */ = {isa = PBXFileReference; lastKnownFileType = "wrapper.pb-project"; name = AMFoundation.xcodeproj; path = Dependencies/AMFoundation/AMFoundation.xcodeproj; sourceTree = SOURCE_ROOT; };
		B3105721148D94480069F0D5 /* KSJSON.h */ = {isa = PBXFileReference; fileEncoding = 4; lastKnownFileType = sourcecode.c.h; name = KSJSON.h; path = ../../Dependencies/KSJSON/KSJSON/KSJSON.h; sourceTree = "<group>"; };
		B3105723148D94550069F0D5 /* AMFoundation.h */ = {isa = PBXFileReference; fileEncoding = 4; lastKnownFileType = sourcecode.c.h; name = AMFoundation.h; path = ../../Dependencies/AMFoundation/AMFoundation/AMFoundation.h; sourceTree = "<group>"; };
		B31F797B14C5619B001A3A32 /* NSFileManager+Tar.h */ = {isa = PBXFileReference; fileEncoding = 4; lastKnownFileType = sourcecode.c.h; name = "NSFileManager+Tar.h"; path = "Dependencies/Light-Untar-for-iOS/NSFileManager+Tar.h"; sourceTree = SOURCE_ROOT; };
		B31F797C14C5619B001A3A32 /* NSFileManager+Tar.m */ = {isa = PBXFileReference; fileEncoding = 4; lastKnownFileType = sourcecode.c.objc; name = "NSFileManager+Tar.m"; path = "Dependencies/Light-Untar-for-iOS/NSFileManager+Tar.m"; sourceTree = SOURCE_ROOT; };
		B3215E2014BE5AF800FC7FA7 /* ZincTaskDescriptor.h */ = {isa = PBXFileReference; fileEncoding = 4; lastKnownFileType = sourcecode.c.h; path = ZincTaskDescriptor.h; sourceTree = "<group>"; };
		B3215E2114BE5AF800FC7FA7 /* ZincTaskDescriptor.m */ = {isa = PBXFileReference; fileEncoding = 4; lastKnownFileType = sourcecode.c.objc; path = ZincTaskDescriptor.m; sourceTree = "<group>"; };
		B3215E2414BE600E00FC7FA7 /* ZincResource.h */ = {isa = PBXFileReference; fileEncoding = 4; lastKnownFileType = sourcecode.c.h; path = ZincResource.h; sourceTree = "<group>"; };
		B3215E2514BE600E00FC7FA7 /* ZincResource.m */ = {isa = PBXFileReference; fileEncoding = 4; lastKnownFileType = sourcecode.c.objc; path = ZincResource.m; sourceTree = "<group>"; };
		B3215E2814BE7E3B00FC7FA7 /* ZincCatalogUpdateTask.h */ = {isa = PBXFileReference; fileEncoding = 4; lastKnownFileType = sourcecode.c.h; path = ZincCatalogUpdateTask.h; sourceTree = "<group>"; };
		B3215E2914BE7E3B00FC7FA7 /* ZincCatalogUpdateTask.m */ = {isa = PBXFileReference; fileEncoding = 4; lastKnownFileType = sourcecode.c.objc; path = ZincCatalogUpdateTask.m; sourceTree = "<group>"; };
		B3215E2C14BF67CB00FC7FA7 /* ZincOperationQueueGroup.h */ = {isa = PBXFileReference; fileEncoding = 4; lastKnownFileType = sourcecode.c.h; path = ZincOperationQueueGroup.h; sourceTree = "<group>"; };
		B3215E2D14BF67CB00FC7FA7 /* ZincOperationQueueGroup.m */ = {isa = PBXFileReference; fileEncoding = 4; lastKnownFileType = sourcecode.c.objc; path = ZincOperationQueueGroup.m; sourceTree = "<group>"; };
		B3215E3014BF7C6000FC7FA7 /* ZincRepoIndex.h */ = {isa = PBXFileReference; fileEncoding = 4; lastKnownFileType = sourcecode.c.h; path = ZincRepoIndex.h; sourceTree = "<group>"; };
		B3215E3114BF7C6100FC7FA7 /* ZincRepoIndex.m */ = {isa = PBXFileReference; fileEncoding = 4; lastKnownFileType = sourcecode.c.objc; path = ZincRepoIndex.m; sourceTree = "<group>"; };
		B3215E3414BFAF1700FC7FA7 /* ZincRepoIndexUpdateTask.h */ = {isa = PBXFileReference; fileEncoding = 4; lastKnownFileType = sourcecode.c.h; path = ZincRepoIndexUpdateTask.h; sourceTree = "<group>"; };
		B3215E3514BFAF1900FC7FA7 /* ZincRepoIndexUpdateTask.m */ = {isa = PBXFileReference; fileEncoding = 4; lastKnownFileType = sourcecode.c.objc; path = ZincRepoIndexUpdateTask.m; sourceTree = "<group>"; };
		B3215E3914BFC6DA00FC7FA7 /* ZincResourceTests.h */ = {isa = PBXFileReference; fileEncoding = 4; lastKnownFileType = sourcecode.c.h; path = ZincResourceTests.h; sourceTree = "<group>"; };
		B3215E3A14BFC6DA00FC7FA7 /* ZincResourceTests.m */ = {isa = PBXFileReference; fileEncoding = 4; lastKnownFileType = sourcecode.c.objc; path = ZincResourceTests.m; sourceTree = "<group>"; };
		B326A94614B11B7E00CED8DF /* NSData+Zinc.h */ = {isa = PBXFileReference; fileEncoding = 4; lastKnownFileType = sourcecode.c.h; path = "NSData+Zinc.h"; sourceTree = "<group>"; };
		B326A94714B11B7E00CED8DF /* NSData+Zinc.m */ = {isa = PBXFileReference; fileEncoding = 4; lastKnownFileType = sourcecode.c.objc; path = "NSData+Zinc.m"; sourceTree = "<group>"; };
		B327067F14B77FAB004E3244 /* ZincEvent.h */ = {isa = PBXFileReference; fileEncoding = 4; lastKnownFileType = sourcecode.c.h; path = ZincEvent.h; sourceTree = "<group>"; };
		B327068014B77FAB004E3244 /* ZincEvent.m */ = {isa = PBXFileReference; fileEncoding = 4; lastKnownFileType = sourcecode.c.objc; path = ZincEvent.m; sourceTree = "<group>"; };
		B32706C714BAA5BD004E3244 /* ZincRepo+Private.h */ = {isa = PBXFileReference; fileEncoding = 4; lastKnownFileType = sourcecode.c.h; path = "ZincRepo+Private.h"; sourceTree = "<group>"; };
		B327070814BC20F7004E3244 /* ZincBundleCloneTask.h */ = {isa = PBXFileReference; fileEncoding = 4; lastKnownFileType = sourcecode.c.h; path = ZincBundleCloneTask.h; sourceTree = "<group>"; };
		B327070914BC20F8004E3244 /* ZincBundleCloneTask.m */ = {isa = PBXFileReference; fileEncoding = 4; lastKnownFileType = sourcecode.c.objc; path = ZincBundleCloneTask.m; sourceTree = "<group>"; };
		B327070C14BCC722004E3244 /* ZincTask.h */ = {isa = PBXFileReference; fileEncoding = 4; lastKnownFileType = sourcecode.c.h; path = ZincTask.h; sourceTree = "<group>"; };
		B327070D14BCC723004E3244 /* ZincTask.m */ = {isa = PBXFileReference; fileEncoding = 4; lastKnownFileType = sourcecode.c.objc; path = ZincTask.m; sourceTree = "<group>"; };
		B327071014BCCB88004E3244 /* ZincSourceUpdateTask.h */ = {isa = PBXFileReference; fileEncoding = 4; lastKnownFileType = sourcecode.c.h; path = ZincSourceUpdateTask.h; sourceTree = "<group>"; };
		B327071114BCCB8B004E3244 /* ZincSourceUpdateTask.m */ = {isa = PBXFileReference; fileEncoding = 4; lastKnownFileType = sourcecode.c.objc; path = ZincSourceUpdateTask.m; sourceTree = "<group>"; };
		B327071414BCE12B004E3244 /* ZincManifestDownloadTask.h */ = {isa = PBXFileReference; fileEncoding = 4; lastKnownFileType = sourcecode.c.h; path = ZincManifestDownloadTask.h; sourceTree = "<group>"; };
		B327071514BCE12C004E3244 /* ZincManifestDownloadTask.m */ = {isa = PBXFileReference; fileEncoding = 4; lastKnownFileType = sourcecode.c.objc; path = ZincManifestDownloadTask.m; sourceTree = "<group>"; };
		B327071C14BCE754004E3244 /* ZincObjectDownloadTask.h */ = {isa = PBXFileReference; fileEncoding = 4; lastKnownFileType = sourcecode.c.h; path = ZincObjectDownloadTask.h; sourceTree = "<group>"; };
		B327071D14BCE756004E3244 /* ZincObjectDownloadTask.m */ = {isa = PBXFileReference; fileEncoding = 4; lastKnownFileType = sourcecode.c.objc; path = ZincObjectDownloadTask.m; sourceTree = "<group>"; };
		B327D4AF14AE6F410051416F /* sha1.c */ = {isa = PBXFileReference; fileEncoding = 4; lastKnownFileType = sourcecode.c.c; name = sha1.c; path = Dependencies/sha1/sha1.c; sourceTree = SOURCE_ROOT; };
		B327D4B014AE6F410051416F /* sha1.h */ = {isa = PBXFileReference; fileEncoding = 4; lastKnownFileType = sourcecode.c.h; name = sha1.h; path = Dependencies/sha1/sha1.h; sourceTree = SOURCE_ROOT; };
		B327D4BB14AE75C20051416F /* ZincFileManagerTest.h */ = {isa = PBXFileReference; fileEncoding = 4; lastKnownFileType = sourcecode.c.h; path = ZincFileManagerTest.h; sourceTree = "<group>"; };
		B327D4BC14AE75C20051416F /* ZincFileManagerTest.m */ = {isa = PBXFileReference; fileEncoding = 4; lastKnownFileType = sourcecode.c.objc; path = ZincFileManagerTest.m; sourceTree = "<group>"; };
		B3316A2814C648F000AEAD6C /* ZincArchiveDownloadTask.h */ = {isa = PBXFileReference; fileEncoding = 4; lastKnownFileType = sourcecode.c.h; path = ZincArchiveDownloadTask.h; sourceTree = "<group>"; };
		B3316A2914C648F000AEAD6C /* ZincArchiveDownloadTask.m */ = {isa = PBXFileReference; fileEncoding = 4; lastKnownFileType = sourcecode.c.objc; path = ZincArchiveDownloadTask.m; sourceTree = "<group>"; };
		B3316A2C14C6754200AEAD6C /* ZincArchiveExtractOperation.h */ = {isa = PBXFileReference; fileEncoding = 4; lastKnownFileType = sourcecode.c.h; path = ZincArchiveExtractOperation.h; sourceTree = "<group>"; };
		B3316A2D14C6754300AEAD6C /* ZincArchiveExtractOperation.m */ = {isa = PBXFileReference; fileEncoding = 4; lastKnownFileType = sourcecode.c.objc; path = ZincArchiveExtractOperation.m; sourceTree = "<group>"; };
		B338E4DE14CCC33200BC0915 /* ZincDeepCopying.h */ = {isa = PBXFileReference; fileEncoding = 4; lastKnownFileType = sourcecode.c.h; path = ZincDeepCopying.h; sourceTree = "<group>"; };
		B338E4DF14CCC33200BC0915 /* ZincDeepCopying.m */ = {isa = PBXFileReference; fileEncoding = 4; lastKnownFileType = sourcecode.c.objc; path = ZincDeepCopying.m; sourceTree = "<group>"; };
		B338E50414CDEDBE00BC0915 /* ZincSerialQueueProxy.h */ = {isa = PBXFileReference; fileEncoding = 4; lastKnownFileType = sourcecode.c.h; path = ZincSerialQueueProxy.h; sourceTree = "<group>"; };
		B338E50514CDEDBE00BC0915 /* ZincSerialQueueProxy.m */ = {isa = PBXFileReference; fileEncoding = 4; lastKnownFileType = sourcecode.c.objc; path = ZincSerialQueueProxy.m; sourceTree = "<group>"; };
		B338E50814CE0FBB00BC0915 /* ZincGlobals.m */ = {isa = PBXFileReference; fileEncoding = 4; lastKnownFileType = sourcecode.c.objc; path = ZincGlobals.m; sourceTree = "<group>"; };
		B340F94A148D514600206F86 /* SenTestingKit.framework */ = {isa = PBXFileReference; lastKnownFileType = wrapper.framework; name = SenTestingKit.framework; path = Library/Frameworks/SenTestingKit.framework; sourceTree = DEVELOPER_DIR; };
		B340F970148D52D800206F86 /* libZinc.a */ = {isa = PBXFileReference; explicitFileType = archive.ar; includeInIndex = 0; path = libZinc.a; sourceTree = BUILT_PRODUCTS_DIR; };
		B340F974148D52D800206F86 /* Zinc-Prefix.pch */ = {isa = PBXFileReference; lastKnownFileType = sourcecode.c.h; path = "Zinc-Prefix.pch"; sourceTree = "<group>"; };
		B340F975148D52D800206F86 /* ZincGlobals.h */ = {isa = PBXFileReference; lastKnownFileType = sourcecode.c.h; path = ZincGlobals.h; sourceTree = "<group>"; };
		B340F97D148D52D800206F86 /* ZincTests.octest */ = {isa = PBXFileReference; explicitFileType = wrapper.cfbundle; includeInIndex = 0; path = ZincTests.octest; sourceTree = BUILT_PRODUCTS_DIR; };
		B340F986148D52D800206F86 /* ZincTests-Info.plist */ = {isa = PBXFileReference; lastKnownFileType = text.plist.xml; path = "ZincTests-Info.plist"; sourceTree = "<group>"; };
		B340F988148D52D800206F86 /* en */ = {isa = PBXFileReference; lastKnownFileType = text.plist.strings; name = en; path = en.lproj/InfoPlist.strings; sourceTree = "<group>"; };
		B340F98A148D52D800206F86 /* ZincFunctionalTests.h */ = {isa = PBXFileReference; lastKnownFileType = sourcecode.c.h; path = ZincFunctionalTests.h; sourceTree = "<group>"; };
		B340F98B148D52D800206F86 /* ZincFunctionalTests.m */ = {isa = PBXFileReference; lastKnownFileType = sourcecode.c.objc; path = ZincFunctionalTests.m; sourceTree = "<group>"; };
		B340F993148D543B00206F86 /* ZincBundle.h */ = {isa = PBXFileReference; fileEncoding = 4; lastKnownFileType = sourcecode.c.h; path = ZincBundle.h; sourceTree = "<group>"; };
		B340F994148D543B00206F86 /* ZincBundle.m */ = {isa = PBXFileReference; fileEncoding = 4; lastKnownFileType = sourcecode.c.objc; path = ZincBundle.m; sourceTree = "<group>"; };
		B340F99A148D563000206F86 /* ZincBundle+Private.h */ = {isa = PBXFileReference; fileEncoding = 4; lastKnownFileType = sourcecode.c.h; path = "ZincBundle+Private.h"; sourceTree = "<group>"; };
		B340F9AD148D581200206F86 /* NSNotificationCenter+OCMAdditions.h */ = {isa = PBXFileReference; fileEncoding = 4; lastKnownFileType = sourcecode.c.h; path = "NSNotificationCenter+OCMAdditions.h"; sourceTree = "<group>"; };
		B340F9AE148D581200206F86 /* OCMArg.h */ = {isa = PBXFileReference; fileEncoding = 4; lastKnownFileType = sourcecode.c.h; path = OCMArg.h; sourceTree = "<group>"; };
		B340F9AF148D581200206F86 /* OCMConstraint.h */ = {isa = PBXFileReference; fileEncoding = 4; lastKnownFileType = sourcecode.c.h; path = OCMConstraint.h; sourceTree = "<group>"; };
		B340F9B0148D581200206F86 /* OCMock.h */ = {isa = PBXFileReference; fileEncoding = 4; lastKnownFileType = sourcecode.c.h; path = OCMock.h; sourceTree = "<group>"; };
		B340F9B1148D581200206F86 /* OCMockObject.h */ = {isa = PBXFileReference; fileEncoding = 4; lastKnownFileType = sourcecode.c.h; path = OCMockObject.h; sourceTree = "<group>"; };
		B340F9B2148D581200206F86 /* OCMockRecorder.h */ = {isa = PBXFileReference; fileEncoding = 4; lastKnownFileType = sourcecode.c.h; path = OCMockRecorder.h; sourceTree = "<group>"; };
		B340F9B3148D581200206F86 /* libOCMock.a */ = {isa = PBXFileReference; lastKnownFileType = archive.ar; path = libOCMock.a; sourceTree = "<group>"; };
		B340F9BA148D5C6200206F86 /* ZincBundleTests.h */ = {isa = PBXFileReference; fileEncoding = 4; lastKnownFileType = sourcecode.c.h; path = ZincBundleTests.h; sourceTree = "<group>"; };
		B340F9BB148D5C6200206F86 /* ZincBundleTests.m */ = {isa = PBXFileReference; fileEncoding = 4; lastKnownFileType = sourcecode.c.objc; path = ZincBundleTests.m; sourceTree = "<group>"; };
		B340FA02148D608D00206F86 /* NSFileManager+Zinc.h */ = {isa = PBXFileReference; fileEncoding = 4; lastKnownFileType = sourcecode.c.h; path = "NSFileManager+Zinc.h"; sourceTree = "<group>"; };
		B340FA03148D608D00206F86 /* NSFileManager+Zinc.m */ = {isa = PBXFileReference; fileEncoding = 4; lastKnownFileType = sourcecode.c.objc; path = "NSFileManager+Zinc.m"; sourceTree = "<group>"; };
		B340FA06148D628300206F86 /* ZincTests-Prefix.pch */ = {isa = PBXFileReference; fileEncoding = 4; lastKnownFileType = sourcecode.c.h; path = "ZincTests-Prefix.pch"; sourceTree = "<group>"; };
		B340FA0A148D67C400206F86 /* SenTestCase+MethodSwizzling.h */ = {isa = PBXFileReference; fileEncoding = 4; lastKnownFileType = sourcecode.c.h; path = "SenTestCase+MethodSwizzling.h"; sourceTree = "<group>"; };
		B340FA0B148D67C400206F86 /* SenTestCase+MethodSwizzling.m */ = {isa = PBXFileReference; fileEncoding = 4; lastKnownFileType = sourcecode.c.objc; path = "SenTestCase+MethodSwizzling.m"; sourceTree = "<group>"; };
		B340FA0D148D6F0F00206F86 /* TestUtility.h */ = {isa = PBXFileReference; fileEncoding = 4; lastKnownFileType = sourcecode.c.h; path = TestUtility.h; sourceTree = "<group>"; };
		B340FA0E148D7DC100206F86 /* ZincErrors.h */ = {isa = PBXFileReference; fileEncoding = 4; lastKnownFileType = sourcecode.c.h; path = ZincErrors.h; sourceTree = "<group>"; };
		B340FA13148D801A00206F86 /* libAMFoundation_iOS.a */ = {isa = PBXFileReference; lastKnownFileType = archive.ar; name = libAMFoundation_iOS.a; path = "AMFoundation/build/Release-iphoneos/libAMFoundation_iOS.a"; sourceTree = "<group>"; };
		B3549DCE148D957900DD63D1 /* KSJSON.m */ = {isa = PBXFileReference; fileEncoding = 4; lastKnownFileType = sourcecode.c.objc; name = KSJSON.m; path = ../../Dependencies/KSJSON/KSJSON/KSJSON.m; sourceTree = "<group>"; };
		B3549DED148DB80900DD63D1 /* ZincManifest.h */ = {isa = PBXFileReference; fileEncoding = 4; lastKnownFileType = sourcecode.c.h; path = ZincManifest.h; sourceTree = "<group>"; };
		B3549DEE148DB80900DD63D1 /* ZincManifest.m */ = {isa = PBXFileReference; fileEncoding = 4; lastKnownFileType = sourcecode.c.objc; path = ZincManifest.m; sourceTree = "<group>"; };
		B3549DF2148DC0ED00DD63D1 /* Data */ = {isa = PBXFileReference; lastKnownFileType = folder; path = Data; sourceTree = "<group>"; };
		B38743041489B830004B227B /* Zinc-iOS.app */ = {isa = PBXFileReference; explicitFileType = wrapper.application; includeInIndex = 0; path = "Zinc-iOS.app"; sourceTree = BUILT_PRODUCTS_DIR; };
		B38743081489B830004B227B /* UIKit.framework */ = {isa = PBXFileReference; lastKnownFileType = wrapper.framework; name = UIKit.framework; path = System/Library/Frameworks/UIKit.framework; sourceTree = SDKROOT; };
		B387430A1489B830004B227B /* Foundation.framework */ = {isa = PBXFileReference; lastKnownFileType = wrapper.framework; name = Foundation.framework; path = System/Library/Frameworks/Foundation.framework; sourceTree = SDKROOT; };
		B387430C1489B830004B227B /* CoreGraphics.framework */ = {isa = PBXFileReference; lastKnownFileType = wrapper.framework; name = CoreGraphics.framework; path = System/Library/Frameworks/CoreGraphics.framework; sourceTree = SDKROOT; };
		B38743101489B830004B227B /* Zinc-Demo-Info.plist */ = {isa = PBXFileReference; lastKnownFileType = text.plist.xml; path = "Zinc-Demo-Info.plist"; sourceTree = "<group>"; };
		B38743121489B830004B227B /* en */ = {isa = PBXFileReference; lastKnownFileType = text.plist.strings; name = en; path = en.lproj/InfoPlist.strings; sourceTree = "<group>"; };
		B38743141489B830004B227B /* main.m */ = {isa = PBXFileReference; lastKnownFileType = sourcecode.c.objc; path = main.m; sourceTree = "<group>"; };
		B38743161489B830004B227B /* Zinc-Demo-Prefix.pch */ = {isa = PBXFileReference; lastKnownFileType = sourcecode.c.h; path = "Zinc-Demo-Prefix.pch"; sourceTree = "<group>"; };
		B38743171489B830004B227B /* AppDelegate.h */ = {isa = PBXFileReference; lastKnownFileType = sourcecode.c.h; path = AppDelegate.h; sourceTree = "<group>"; };
		B38743181489B830004B227B /* AppDelegate.m */ = {isa = PBXFileReference; lastKnownFileType = sourcecode.c.objc; path = AppDelegate.m; sourceTree = "<group>"; };
		B387431A1489B830004B227B /* ViewController.h */ = {isa = PBXFileReference; lastKnownFileType = sourcecode.c.h; path = ViewController.h; sourceTree = "<group>"; };
		B387431B1489B830004B227B /* ViewController.m */ = {isa = PBXFileReference; lastKnownFileType = sourcecode.c.objc; path = ViewController.m; sourceTree = "<group>"; };
		B387431E1489B830004B227B /* en */ = {isa = PBXFileReference; lastKnownFileType = file.xib; name = en; path = en.lproj/ViewController.xib; sourceTree = "<group>"; };
		B38A06F114C0DADC00AEC367 /* UIImage+Zinc.h */ = {isa = PBXFileReference; fileEncoding = 4; lastKnownFileType = sourcecode.c.h; path = "UIImage+Zinc.h"; sourceTree = "<group>"; };
		B38A06F214C0DADC00AEC367 /* UIImage+Zinc.m */ = {isa = PBXFileReference; fileEncoding = 4; lastKnownFileType = sourcecode.c.objc; path = "UIImage+Zinc.m"; sourceTree = "<group>"; };
		B3AE4612149C0DDC00767CBD /* ZincCatalog.h */ = {isa = PBXFileReference; fileEncoding = 4; lastKnownFileType = sourcecode.c.h; path = ZincCatalog.h; sourceTree = "<group>"; };
		B3AE4613149C0DDC00767CBD /* ZincCatalog.m */ = {isa = PBXFileReference; fileEncoding = 4; lastKnownFileType = sourcecode.c.objc; path = ZincCatalog.m; sourceTree = "<group>"; };
		B3AE461F149C1D3400767CBD /* AFHTTPClient.h */ = {isa = PBXFileReference; fileEncoding = 4; lastKnownFileType = sourcecode.c.h; name = AFHTTPClient.h; path = Dependencies/AFNetworking/AFNetworking/AFHTTPClient.h; sourceTree = SOURCE_ROOT; };
		B3AE4620149C1D3400767CBD /* AFHTTPClient.m */ = {isa = PBXFileReference; fileEncoding = 4; lastKnownFileType = sourcecode.c.objc; name = AFHTTPClient.m; path = Dependencies/AFNetworking/AFNetworking/AFHTTPClient.m; sourceTree = SOURCE_ROOT; };
		B3AE4621149C1D3400767CBD /* AFHTTPRequestOperation.h */ = {isa = PBXFileReference; fileEncoding = 4; lastKnownFileType = sourcecode.c.h; name = AFHTTPRequestOperation.h; path = Dependencies/AFNetworking/AFNetworking/AFHTTPRequestOperation.h; sourceTree = SOURCE_ROOT; };
		B3AE4622149C1D3400767CBD /* AFHTTPRequestOperation.m */ = {isa = PBXFileReference; fileEncoding = 4; lastKnownFileType = sourcecode.c.objc; name = AFHTTPRequestOperation.m; path = Dependencies/AFNetworking/AFNetworking/AFHTTPRequestOperation.m; sourceTree = SOURCE_ROOT; };
		B3AE4623149C1D3400767CBD /* AFImageCache.h */ = {isa = PBXFileReference; fileEncoding = 4; lastKnownFileType = sourcecode.c.h; name = AFImageCache.h; path = Dependencies/AFNetworking/AFNetworking/AFImageCache.h; sourceTree = SOURCE_ROOT; };
		B3AE4624149C1D3400767CBD /* AFImageCache.m */ = {isa = PBXFileReference; fileEncoding = 4; lastKnownFileType = sourcecode.c.objc; name = AFImageCache.m; path = Dependencies/AFNetworking/AFNetworking/AFImageCache.m; sourceTree = SOURCE_ROOT; };
		B3AE4625149C1D3400767CBD /* AFImageRequestOperation.h */ = {isa = PBXFileReference; fileEncoding = 4; lastKnownFileType = sourcecode.c.h; name = AFImageRequestOperation.h; path = Dependencies/AFNetworking/AFNetworking/AFImageRequestOperation.h; sourceTree = SOURCE_ROOT; };
		B3AE4626149C1D3400767CBD /* AFImageRequestOperation.m */ = {isa = PBXFileReference; fileEncoding = 4; lastKnownFileType = sourcecode.c.objc; name = AFImageRequestOperation.m; path = Dependencies/AFNetworking/AFNetworking/AFImageRequestOperation.m; sourceTree = SOURCE_ROOT; };
		B3AE4627149C1D3400767CBD /* AFJSONRequestOperation.h */ = {isa = PBXFileReference; fileEncoding = 4; lastKnownFileType = sourcecode.c.h; name = AFJSONRequestOperation.h; path = Dependencies/AFNetworking/AFNetworking/AFJSONRequestOperation.h; sourceTree = SOURCE_ROOT; };
		B3AE4628149C1D3400767CBD /* AFJSONRequestOperation.m */ = {isa = PBXFileReference; fileEncoding = 4; lastKnownFileType = sourcecode.c.objc; name = AFJSONRequestOperation.m; path = Dependencies/AFNetworking/AFNetworking/AFJSONRequestOperation.m; sourceTree = SOURCE_ROOT; };
		B3AE4629149C1D3400767CBD /* AFJSONUtilities.h */ = {isa = PBXFileReference; fileEncoding = 4; lastKnownFileType = sourcecode.c.h; name = AFJSONUtilities.h; path = Dependencies/AFNetworking/AFNetworking/AFJSONUtilities.h; sourceTree = SOURCE_ROOT; };
		B3AE462A149C1D3400767CBD /* AFNetworkActivityIndicatorManager.h */ = {isa = PBXFileReference; fileEncoding = 4; lastKnownFileType = sourcecode.c.h; name = AFNetworkActivityIndicatorManager.h; path = Dependencies/AFNetworking/AFNetworking/AFNetworkActivityIndicatorManager.h; sourceTree = SOURCE_ROOT; };
		B3AE462B149C1D3400767CBD /* AFNetworkActivityIndicatorManager.m */ = {isa = PBXFileReference; fileEncoding = 4; lastKnownFileType = sourcecode.c.objc; name = AFNetworkActivityIndicatorManager.m; path = Dependencies/AFNetworking/AFNetworking/AFNetworkActivityIndicatorManager.m; sourceTree = SOURCE_ROOT; };
		B3AE462C149C1D3400767CBD /* AFNetworking.h */ = {isa = PBXFileReference; fileEncoding = 4; lastKnownFileType = sourcecode.c.h; name = AFNetworking.h; path = Dependencies/AFNetworking/AFNetworking/AFNetworking.h; sourceTree = SOURCE_ROOT; };
		B3AE462D149C1D3400767CBD /* AFPropertyListRequestOperation.h */ = {isa = PBXFileReference; fileEncoding = 4; lastKnownFileType = sourcecode.c.h; name = AFPropertyListRequestOperation.h; path = Dependencies/AFNetworking/AFNetworking/AFPropertyListRequestOperation.h; sourceTree = SOURCE_ROOT; };
		B3AE462E149C1D3400767CBD /* AFPropertyListRequestOperation.m */ = {isa = PBXFileReference; fileEncoding = 4; lastKnownFileType = sourcecode.c.objc; name = AFPropertyListRequestOperation.m; path = Dependencies/AFNetworking/AFNetworking/AFPropertyListRequestOperation.m; sourceTree = SOURCE_ROOT; };
		B3AE462F149C1D3400767CBD /* AFURLConnectionOperation.h */ = {isa = PBXFileReference; fileEncoding = 4; lastKnownFileType = sourcecode.c.h; name = AFURLConnectionOperation.h; path = Dependencies/AFNetworking/AFNetworking/AFURLConnectionOperation.h; sourceTree = SOURCE_ROOT; };
		B3AE4630149C1D3400767CBD /* AFURLConnectionOperation.m */ = {isa = PBXFileReference; fileEncoding = 4; lastKnownFileType = sourcecode.c.objc; name = AFURLConnectionOperation.m; path = Dependencies/AFNetworking/AFNetworking/AFURLConnectionOperation.m; sourceTree = SOURCE_ROOT; };
		B3AE4631149C1D3400767CBD /* AFXMLRequestOperation.h */ = {isa = PBXFileReference; fileEncoding = 4; lastKnownFileType = sourcecode.c.h; name = AFXMLRequestOperation.h; path = Dependencies/AFNetworking/AFNetworking/AFXMLRequestOperation.h; sourceTree = SOURCE_ROOT; };
		B3AE4632149C1D3400767CBD /* AFXMLRequestOperation.m */ = {isa = PBXFileReference; fileEncoding = 4; lastKnownFileType = sourcecode.c.objc; name = AFXMLRequestOperation.m; path = Dependencies/AFNetworking/AFNetworking/AFXMLRequestOperation.m; sourceTree = SOURCE_ROOT; };
		B3AE4633149C1D3400767CBD /* UIImageView+AFNetworking.h */ = {isa = PBXFileReference; fileEncoding = 4; lastKnownFileType = sourcecode.c.h; name = "UIImageView+AFNetworking.h"; path = "Dependencies/AFNetworking/AFNetworking/UIImageView+AFNetworking.h"; sourceTree = SOURCE_ROOT; };
		B3AE4634149C1D3400767CBD /* UIImageView+AFNetworking.m */ = {isa = PBXFileReference; fileEncoding = 4; lastKnownFileType = sourcecode.c.objc; name = "UIImageView+AFNetworking.m"; path = "Dependencies/AFNetworking/AFNetworking/UIImageView+AFNetworking.m"; sourceTree = SOURCE_ROOT; };
		B3AE464B149C1FA700767CBD /* ZincSource.h */ = {isa = PBXFileReference; fileEncoding = 4; lastKnownFileType = sourcecode.c.h; path = ZincSource.h; sourceTree = "<group>"; };
		B3AE464C149C1FA700767CBD /* ZincSource.m */ = {isa = PBXFileReference; fileEncoding = 4; lastKnownFileType = sourcecode.c.objc; path = ZincSource.m; sourceTree = "<group>"; };
		B3BE1CD714D79EC600C61515 /* ZincDownloadTask.h */ = {isa = PBXFileReference; fileEncoding = 4; lastKnownFileType = sourcecode.c.h; path = ZincDownloadTask.h; sourceTree = "<group>"; };
		B3BE1CD814D79EC800C61515 /* ZincDownloadTask.m */ = {isa = PBXFileReference; fileEncoding = 4; lastKnownFileType = sourcecode.c.objc; path = ZincDownloadTask.m; sourceTree = "<group>"; };
		B3BE1CDB14D79F0700C61515 /* ZincDownloadTask+Private.h */ = {isa = PBXFileReference; fileEncoding = 4; lastKnownFileType = sourcecode.c.h; path = "ZincDownloadTask+Private.h"; sourceTree = "<group>"; };
		B3CEEC0014BE0F270023DF5B /* ZincBundleDeleteTask.h */ = {isa = PBXFileReference; fileEncoding = 4; lastKnownFileType = sourcecode.c.h; path = ZincBundleDeleteTask.h; sourceTree = "<group>"; };
		B3CEEC0114BE0F270023DF5B /* ZincBundleDeleteTask.m */ = {isa = PBXFileReference; fileEncoding = 4; lastKnownFileType = sourcecode.c.objc; path = ZincBundleDeleteTask.m; sourceTree = "<group>"; };
		B3D2CA1614C5FC1A00717B2E /* ZincManifestTests.h */ = {isa = PBXFileReference; fileEncoding = 4; lastKnownFileType = sourcecode.c.h; path = ZincManifestTests.h; sourceTree = "<group>"; };
		B3D2CA1714C5FC1A00717B2E /* ZincManifestTests.m */ = {isa = PBXFileReference; fileEncoding = 4; lastKnownFileType = sourcecode.c.objc; path = ZincManifestTests.m; sourceTree = "<group>"; };
		B3D8E6F014D8B84D00D993F0 /* BundleListViewController.h */ = {isa = PBXFileReference; fileEncoding = 4; lastKnownFileType = sourcecode.c.h; path = BundleListViewController.h; sourceTree = "<group>"; };
		B3D8E6F114D8B84D00D993F0 /* BundleListViewController.m */ = {isa = PBXFileReference; fileEncoding = 4; lastKnownFileType = sourcecode.c.objc; path = BundleListViewController.m; sourceTree = "<group>"; };
		B3DB05CB14DA0DB600438665 /* BundleDetailViewController.h */ = {isa = PBXFileReference; fileEncoding = 4; lastKnownFileType = sourcecode.c.h; path = BundleDetailViewController.h; sourceTree = "<group>"; };
		B3DB05CC14DA0DB600438665 /* BundleDetailViewController.m */ = {isa = PBXFileReference; fileEncoding = 4; lastKnownFileType = sourcecode.c.objc; path = BundleDetailViewController.m; sourceTree = "<group>"; };
		B3DB05CD14DA0DB600438665 /* BundleDetailViewController.xib */ = {isa = PBXFileReference; fileEncoding = 4; lastKnownFileType = file.xib; path = BundleDetailViewController.xib; sourceTree = "<group>"; };
		B3E46AB414C0DEDA00030349 /* UIImageZincTests.h */ = {isa = PBXFileReference; fileEncoding = 4; lastKnownFileType = sourcecode.c.h; path = UIImageZincTests.h; sourceTree = "<group>"; };
		B3E46AB514C0DEDA00030349 /* UIImageZincTests.m */ = {isa = PBXFileReference; fileEncoding = 4; lastKnownFileType = sourcecode.c.objc; path = UIImageZincTests.m; sourceTree = "<group>"; };
		B3E46B5414C3DF7800030349 /* ZincUtils.h */ = {isa = PBXFileReference; fileEncoding = 4; lastKnownFileType = sourcecode.c.h; path = ZincUtils.h; sourceTree = "<group>"; };
		B3E46B5514C3DF7800030349 /* ZincUtils.m */ = {isa = PBXFileReference; fileEncoding = 4; lastKnownFileType = sourcecode.c.objc; path = ZincUtils.m; sourceTree = "<group>"; };
		B3E46B5814C3E0EA00030349 /* Zinc.h */ = {isa = PBXFileReference; fileEncoding = 4; lastKnownFileType = sourcecode.c.h; path = Zinc.h; sourceTree = "<group>"; };
		B3E46B9C14C4C00400030349 /* ZincRepoIndexTests.h */ = {isa = PBXFileReference; fileEncoding = 4; lastKnownFileType = sourcecode.c.h; path = ZincRepoIndexTests.h; sourceTree = "<group>"; };
		B3E46B9D14C4C00400030349 /* ZincRepoIndexTests.m */ = {isa = PBXFileReference; fileEncoding = 4; lastKnownFileType = sourcecode.c.objc; path = ZincRepoIndexTests.m; sourceTree = "<group>"; };
		B3EACD8414BD4905004D90EC /* ZincGarbageCollectTask.h */ = {isa = PBXFileReference; fileEncoding = 4; lastKnownFileType = sourcecode.c.h; path = ZincGarbageCollectTask.h; sourceTree = "<group>"; };
		B3EACD8514BD4906004D90EC /* ZincGarbageCollectTask.m */ = {isa = PBXFileReference; fileEncoding = 4; lastKnownFileType = sourcecode.c.objc; path = ZincGarbageCollectTask.m; sourceTree = "<group>"; };
		B3F8AF74148EFCDF00CB92B5 /* ZincRepo.h */ = {isa = PBXFileReference; fileEncoding = 4; lastKnownFileType = sourcecode.c.h; path = ZincRepo.h; sourceTree = "<group>"; };
		B3F8AF75148EFCDF00CB92B5 /* ZincRepo.m */ = {isa = PBXFileReference; fileEncoding = 4; lastKnownFileType = sourcecode.c.objc; path = ZincRepo.m; sourceTree = "<group>"; };
/* End PBXFileReference section */

/* Begin PBXFrameworksBuildPhase section */
		B340F96D148D52D800206F86 /* Frameworks */ = {
			isa = PBXFrameworksBuildPhase;
			buildActionMask = 2147483647;
			files = (
				B3549DCB148D950500DD63D1 /* libAMFoundation_iOS.a in Frameworks */,
				B340F971148D52D800206F86 /* Foundation.framework in Frameworks */,
			);
			runOnlyForDeploymentPostprocessing = 0;
		};
		B340F979148D52D800206F86 /* Frameworks */ = {
			isa = PBXFrameworksBuildPhase;
			buildActionMask = 2147483647;
			files = (
				B3215E3814BFC68D00FC7FA7 /* libz.dylib in Frameworks */,
				B340F97E148D52D800206F86 /* SenTestingKit.framework in Frameworks */,
				B340F97F148D52D800206F86 /* UIKit.framework in Frameworks */,
				B340F980148D52D800206F86 /* Foundation.framework in Frameworks */,
				B340F983148D52D800206F86 /* libZinc.a in Frameworks */,
				B340F9B4148D581200206F86 /* libOCMock.a in Frameworks */,
			);
			runOnlyForDeploymentPostprocessing = 0;
		};
		B38743011489B830004B227B /* Frameworks */ = {
			isa = PBXFrameworksBuildPhase;
			buildActionMask = 2147483647;
			files = (
				B30B763C14B75750004E6587 /* libz.dylib in Frameworks */,
				B340F999148D546300206F86 /* libZinc.a in Frameworks */,
				B38743091489B830004B227B /* UIKit.framework in Frameworks */,
				B387430B1489B830004B227B /* Foundation.framework in Frameworks */,
				B387430D1489B830004B227B /* CoreGraphics.framework in Frameworks */,
			);
			runOnlyForDeploymentPostprocessing = 0;
		};
/* End PBXFrameworksBuildPhase section */

/* Begin PBXGroup section */
		B31056F7148D934B0069F0D5 /* Dependencies */ = {
			isa = PBXGroup;
			children = (
				B31F797A14C56173001A3A32 /* Light-Untar */,
				B327D4AE14AE6F0B0051416F /* sha1 */,
				B3AE461E149C1D0200767CBD /* AFNetworking */,
				B310571F148D94230069F0D5 /* AMFoundation */,
				B3105720148D942E0069F0D5 /* KSJSON */,
			);
			name = Dependencies;
			path = ZincTests/Dependencies;
			sourceTree = "<group>";
		};
		B31056F9148D93670069F0D5 /* Products */ = {
			isa = PBXGroup;
			children = (
				B3105701148D93670069F0D5 /* libKSJSON.a */,
				B3105703148D93670069F0D5 /* KSJSONTests.octest */,
			);
			name = Products;
			sourceTree = "<group>";
		};
		B3105705148D93980069F0D5 /* Products */ = {
			isa = PBXGroup;
			children = (
				B310570E148D93980069F0D5 /* libAMFoundation_iOS.a */,
				B3105710148D93980069F0D5 /* libAMFoundation_Mac.a */,
				B3105712148D93980069F0D5 /* AMFoundationTests.octest */,
			);
			name = Products;
			sourceTree = "<group>";
		};
		B310571F148D94230069F0D5 /* AMFoundation */ = {
			isa = PBXGroup;
			children = (
				B3105723148D94550069F0D5 /* AMFoundation.h */,
				B3549DD0148D958D00DD63D1 /* Source */,
			);
			name = AMFoundation;
			sourceTree = "<group>";
		};
		B3105720148D942E0069F0D5 /* KSJSON */ = {
			isa = PBXGroup;
			children = (
				B3105721148D94480069F0D5 /* KSJSON.h */,
				B3549DCE148D957900DD63D1 /* KSJSON.m */,
				B3549DD4148D959C00DD63D1 /* Source */,
			);
			name = KSJSON;
			sourceTree = "<group>";
		};
		B31F797A14C56173001A3A32 /* Light-Untar */ = {
			isa = PBXGroup;
			children = (
				B31F797B14C5619B001A3A32 /* NSFileManager+Tar.h */,
				B31F797C14C5619B001A3A32 /* NSFileManager+Tar.m */,
			);
			name = "Light-Untar";
			sourceTree = "<group>";
		};
		B327D4AE14AE6F0B0051416F /* sha1 */ = {
			isa = PBXGroup;
			children = (
				B327D4AF14AE6F410051416F /* sha1.c */,
				B327D4B014AE6F410051416F /* sha1.h */,
			);
			name = sha1;
			sourceTree = "<group>";
		};
		B340F96B148D521000206F86 /* Resources */ = {
			isa = PBXGroup;
			children = (
			);
			path = Resources;
			sourceTree = "<group>";
		};
		B340F972148D52D800206F86 /* Zinc */ = {
			isa = PBXGroup;
			children = (
				B3E46B5214C3DDEB00030349 /* Public Headers */,
				B3E46B5314C3DE2D00030349 /* Internal */,
				B340F973148D52D800206F86 /* Supporting Files */,
			);
			path = Zinc;
			sourceTree = "<group>";
		};
		B340F973148D52D800206F86 /* Supporting Files */ = {
			isa = PBXGroup;
			children = (
				B340F974148D52D800206F86 /* Zinc-Prefix.pch */,
			);
			name = "Supporting Files";
			sourceTree = "<group>";
		};
		B340F984148D52D800206F86 /* ZincTests */ = {
			isa = PBXGroup;
			children = (
				B340F98A148D52D800206F86 /* ZincFunctionalTests.h */,
				B340F98B148D52D800206F86 /* ZincFunctionalTests.m */,
				B340F9BA148D5C6200206F86 /* ZincBundleTests.h */,
				B340F9BB148D5C6200206F86 /* ZincBundleTests.m */,
				B327D4BB14AE75C20051416F /* ZincFileManagerTest.h */,
				B327D4BC14AE75C20051416F /* ZincFileManagerTest.m */,
				B3D2CA1614C5FC1A00717B2E /* ZincManifestTests.h */,
				B3D2CA1714C5FC1A00717B2E /* ZincManifestTests.m */,
				B3215E3914BFC6DA00FC7FA7 /* ZincResourceTests.h */,
				B3215E3A14BFC6DA00FC7FA7 /* ZincResourceTests.m */,
				B3E46B9C14C4C00400030349 /* ZincRepoIndexTests.h */,
				B3E46B9D14C4C00400030349 /* ZincRepoIndexTests.m */,
				B3E46AB414C0DEDA00030349 /* UIImageZincTests.h */,
				B3E46AB514C0DEDA00030349 /* UIImageZincTests.m */,
				B340FA0A148D67C400206F86 /* SenTestCase+MethodSwizzling.h */,
				B340FA0B148D67C400206F86 /* SenTestCase+MethodSwizzling.m */,
				B3549DF2148DC0ED00DD63D1 /* Data */,
				B340F99C148D57A000206F86 /* Dependencies */,
				B340F985148D52D800206F86 /* Supporting Files */,
			);
			path = ZincTests;
			sourceTree = "<group>";
		};
		B340F985148D52D800206F86 /* Supporting Files */ = {
			isa = PBXGroup;
			children = (
				B340FA0D148D6F0F00206F86 /* TestUtility.h */,
				B340F986148D52D800206F86 /* ZincTests-Info.plist */,
				B340F987148D52D800206F86 /* InfoPlist.strings */,
				B340FA06148D628300206F86 /* ZincTests-Prefix.pch */,
			);
			name = "Supporting Files";
			sourceTree = "<group>";
		};
		B340F99C148D57A000206F86 /* Dependencies */ = {
			isa = PBXGroup;
			children = (
				B340F9AA148D581200206F86 /* OCMock-1.77 */,
			);
			path = Dependencies;
			sourceTree = "<group>";
		};
		B340F9AA148D581200206F86 /* OCMock-1.77 */ = {
			isa = PBXGroup;
			children = (
				B340F9AB148D581200206F86 /* Headers */,
				B340F9B3148D581200206F86 /* libOCMock.a */,
			);
			path = "OCMock-1.77";
			sourceTree = "<group>";
		};
		B340F9AB148D581200206F86 /* Headers */ = {
			isa = PBXGroup;
			children = (
				B340F9AC148D581200206F86 /* OCMock */,
			);
			path = Headers;
			sourceTree = "<group>";
		};
		B340F9AC148D581200206F86 /* OCMock */ = {
			isa = PBXGroup;
			children = (
				B340F9AD148D581200206F86 /* NSNotificationCenter+OCMAdditions.h */,
				B340F9AE148D581200206F86 /* OCMArg.h */,
				B340F9AF148D581200206F86 /* OCMConstraint.h */,
				B340F9B0148D581200206F86 /* OCMock.h */,
				B340F9B1148D581200206F86 /* OCMockObject.h */,
				B340F9B2148D581200206F86 /* OCMockRecorder.h */,
			);
			path = OCMock;
			sourceTree = "<group>";
		};
		B3549DD0148D958D00DD63D1 /* Source */ = {
			isa = PBXGroup;
			children = (
				B3105704148D93980069F0D5 /* AMFoundation.xcodeproj */,
			);
			name = Source;
			sourceTree = "<group>";
		};
		B3549DD4148D959C00DD63D1 /* Source */ = {
			isa = PBXGroup;
			children = (
				B31056F8148D93670069F0D5 /* KSJSON.xcodeproj */,
			);
			name = Source;
			sourceTree = "<group>";
		};
		B38742F91489B830004B227B = {
			isa = PBXGroup;
			children = (
				B340F972148D52D800206F86 /* Zinc */,
				B387430E1489B830004B227B /* Demo */,
				B340F984148D52D800206F86 /* ZincTests */,
				B31056F7148D934B0069F0D5 /* Dependencies */,
				B38743071489B830004B227B /* Frameworks */,
				B38743051489B830004B227B /* Products */,
			);
			sourceTree = "<group>";
		};
		B38743051489B830004B227B /* Products */ = {
			isa = PBXGroup;
			children = (
				B38743041489B830004B227B /* Zinc-iOS.app */,
				B340F970148D52D800206F86 /* libZinc.a */,
				B340F97D148D52D800206F86 /* ZincTests.octest */,
			);
			name = Products;
			sourceTree = "<group>";
		};
		B38743071489B830004B227B /* Frameworks */ = {
			isa = PBXGroup;
			children = (
				B30B763B14B75750004E6587 /* libz.dylib */,
				B31056F5148D8E430069F0D5 /* libKSJSON.a */,
				B340FA13148D801A00206F86 /* libAMFoundation_iOS.a */,
				B38743081489B830004B227B /* UIKit.framework */,
				B387430A1489B830004B227B /* Foundation.framework */,
				B387430C1489B830004B227B /* CoreGraphics.framework */,
				B340F94A148D514600206F86 /* SenTestingKit.framework */,
			);
			name = Frameworks;
			sourceTree = "<group>";
		};
		B387430E1489B830004B227B /* Demo */ = {
			isa = PBXGroup;
			children = (
				B38743171489B830004B227B /* AppDelegate.h */,
				B38743181489B830004B227B /* AppDelegate.m */,
				B3D8E6F014D8B84D00D993F0 /* BundleListViewController.h */,
				B3D8E6F114D8B84D00D993F0 /* BundleListViewController.m */,
				B3DB05CB14DA0DB600438665 /* BundleDetailViewController.h */,
				B3DB05CC14DA0DB600438665 /* BundleDetailViewController.m */,
				B3DB05CD14DA0DB600438665 /* BundleDetailViewController.xib */,
				B387431A1489B830004B227B /* ViewController.h */,
				B387431B1489B830004B227B /* ViewController.m */,
				B387431D1489B830004B227B /* ViewController.xib */,
				B387430F1489B830004B227B /* Supporting Files */,
				B340F96B148D521000206F86 /* Resources */,
			);
			name = Demo;
			path = ZincDemo;
			sourceTree = "<group>";
		};
		B387430F1489B830004B227B /* Supporting Files */ = {
			isa = PBXGroup;
			children = (
				B38743101489B830004B227B /* Zinc-Demo-Info.plist */,
				B38743111489B830004B227B /* InfoPlist.strings */,
				B38743141489B830004B227B /* main.m */,
				B38743161489B830004B227B /* Zinc-Demo-Prefix.pch */,
			);
			name = "Supporting Files";
			sourceTree = "<group>";
		};
		B3AE461E149C1D0200767CBD /* AFNetworking */ = {
			isa = PBXGroup;
			children = (
				B3AE461F149C1D3400767CBD /* AFHTTPClient.h */,
				B3AE4620149C1D3400767CBD /* AFHTTPClient.m */,
				B3AE4621149C1D3400767CBD /* AFHTTPRequestOperation.h */,
				B3AE4622149C1D3400767CBD /* AFHTTPRequestOperation.m */,
				B3AE4623149C1D3400767CBD /* AFImageCache.h */,
				B3AE4624149C1D3400767CBD /* AFImageCache.m */,
				B3AE4625149C1D3400767CBD /* AFImageRequestOperation.h */,
				B3AE4626149C1D3400767CBD /* AFImageRequestOperation.m */,
				B3AE4627149C1D3400767CBD /* AFJSONRequestOperation.h */,
				B3AE4628149C1D3400767CBD /* AFJSONRequestOperation.m */,
				B3AE4629149C1D3400767CBD /* AFJSONUtilities.h */,
				B3AE462A149C1D3400767CBD /* AFNetworkActivityIndicatorManager.h */,
				B3AE462B149C1D3400767CBD /* AFNetworkActivityIndicatorManager.m */,
				B3AE462C149C1D3400767CBD /* AFNetworking.h */,
				B3AE462D149C1D3400767CBD /* AFPropertyListRequestOperation.h */,
				B3AE462E149C1D3400767CBD /* AFPropertyListRequestOperation.m */,
				B3AE462F149C1D3400767CBD /* AFURLConnectionOperation.h */,
				B3AE4630149C1D3400767CBD /* AFURLConnectionOperation.m */,
				B3AE4631149C1D3400767CBD /* AFXMLRequestOperation.h */,
				B3AE4632149C1D3400767CBD /* AFXMLRequestOperation.m */,
				B3AE4633149C1D3400767CBD /* UIImageView+AFNetworking.h */,
				B3AE4634149C1D3400767CBD /* UIImageView+AFNetworking.m */,
			);
			name = AFNetworking;
			sourceTree = "<group>";
		};
		B3E46B5114C3DDB900030349 /* Tasks */ = {
			isa = PBXGroup;
			children = (
				B3215E2014BE5AF800FC7FA7 /* ZincTaskDescriptor.h */,
				B3215E2114BE5AF800FC7FA7 /* ZincTaskDescriptor.m */,
				B327070C14BCC722004E3244 /* ZincTask.h */,
				B327070D14BCC723004E3244 /* ZincTask.m */,
				B327071014BCCB88004E3244 /* ZincSourceUpdateTask.h */,
				B327071114BCCB8B004E3244 /* ZincSourceUpdateTask.m */,
				B3215E3414BFAF1700FC7FA7 /* ZincRepoIndexUpdateTask.h */,
				B3215E3514BFAF1900FC7FA7 /* ZincRepoIndexUpdateTask.m */,
				B3215E2814BE7E3B00FC7FA7 /* ZincCatalogUpdateTask.h */,
				B3215E2914BE7E3B00FC7FA7 /* ZincCatalogUpdateTask.m */,
				B3316A2C14C6754200AEAD6C /* ZincArchiveExtractOperation.h */,
				B3316A2D14C6754300AEAD6C /* ZincArchiveExtractOperation.m */,
				B327070814BC20F7004E3244 /* ZincBundleCloneTask.h */,
				B327070914BC20F8004E3244 /* ZincBundleCloneTask.m */,
				B3CEEC0014BE0F270023DF5B /* ZincBundleDeleteTask.h */,
				B3CEEC0114BE0F270023DF5B /* ZincBundleDeleteTask.m */,
				B3BE1CD714D79EC600C61515 /* ZincDownloadTask.h */,
				B3BE1CDB14D79F0700C61515 /* ZincDownloadTask+Private.h */,
				B3BE1CD814D79EC800C61515 /* ZincDownloadTask.m */,
				B327071414BCE12B004E3244 /* ZincManifestDownloadTask.h */,
				B327071514BCE12C004E3244 /* ZincManifestDownloadTask.m */,
				B327071C14BCE754004E3244 /* ZincObjectDownloadTask.h */,
				B327071D14BCE756004E3244 /* ZincObjectDownloadTask.m */,
				B3316A2814C648F000AEAD6C /* ZincArchiveDownloadTask.h */,
				B3316A2914C648F000AEAD6C /* ZincArchiveDownloadTask.m */,
				B3EACD8414BD4905004D90EC /* ZincGarbageCollectTask.h */,
				B3EACD8514BD4906004D90EC /* ZincGarbageCollectTask.m */,
			);
			name = Tasks;
			sourceTree = "<group>";
		};
		B3E46B5214C3DDEB00030349 /* Public Headers */ = {
			isa = PBXGroup;
			children = (
				B3E46B5814C3E0EA00030349 /* Zinc.h */,
				B340F975148D52D800206F86 /* ZincGlobals.h */,
				B340FA0E148D7DC100206F86 /* ZincErrors.h */,
				B3F8AF74148EFCDF00CB92B5 /* ZincRepo.h */,
				B340F993148D543B00206F86 /* ZincBundle.h */,
				B327067F14B77FAB004E3244 /* ZincEvent.h */,
				B38A06F114C0DADC00AEC367 /* UIImage+Zinc.h */,
			);
			name = "Public Headers";
			sourceTree = "<group>";
		};
		B3E46B5314C3DE2D00030349 /* Internal */ = {
			isa = PBXGroup;
			children = (
				B3E46B5C14C3E1DE00030349 /* Main */,
				B3E46B5B14C3E1B900030349 /* Utilities */,
				B3E46B5A14C3E14B00030349 /* Categories */,
			);
			name = Internal;
			sourceTree = "<group>";
		};
		B3E46B5A14C3E14B00030349 /* Categories */ = {
			isa = PBXGroup;
			children = (
				B326A94614B11B7E00CED8DF /* NSData+Zinc.h */,
				B326A94714B11B7E00CED8DF /* NSData+Zinc.m */,
				B38A06F214C0DADC00AEC367 /* UIImage+Zinc.m */,
				B340FA02148D608D00206F86 /* NSFileManager+Zinc.h */,
				B340FA03148D608D00206F86 /* NSFileManager+Zinc.m */,
				B338E4DE14CCC33200BC0915 /* ZincDeepCopying.h */,
				B338E4DF14CCC33200BC0915 /* ZincDeepCopying.m */,
			);
			name = Categories;
			sourceTree = "<group>";
		};
		B3E46B5B14C3E1B900030349 /* Utilities */ = {
			isa = PBXGroup;
			children = (
				B3E46B5414C3DF7800030349 /* ZincUtils.h */,
				B3E46B5514C3DF7800030349 /* ZincUtils.m */,
				B3215E2C14BF67CB00FC7FA7 /* ZincOperationQueueGroup.h */,
				B3215E2D14BF67CB00FC7FA7 /* ZincOperationQueueGroup.m */,
				B338E50414CDEDBE00BC0915 /* ZincSerialQueueProxy.h */,
				B338E50514CDEDBE00BC0915 /* ZincSerialQueueProxy.m */,
			);
			name = Utilities;
			sourceTree = "<group>";
		};
		B3E46B5C14C3E1DE00030349 /* Main */ = {
			isa = PBXGroup;
			children = (
				B338E50814CE0FBB00BC0915 /* ZincGlobals.m */,
				B32706C714BAA5BD004E3244 /* ZincRepo+Private.h */,
				B3F8AF75148EFCDF00CB92B5 /* ZincRepo.m */,
				B3215E3014BF7C6000FC7FA7 /* ZincRepoIndex.h */,
				B3215E3114BF7C6100FC7FA7 /* ZincRepoIndex.m */,
				B340F99A148D563000206F86 /* ZincBundle+Private.h */,
				B340F994148D543B00206F86 /* ZincBundle.m */,
				B327068014B77FAB004E3244 /* ZincEvent.m */,
				B3AE464B149C1FA700767CBD /* ZincSource.h */,
				B3AE464C149C1FA700767CBD /* ZincSource.m */,
				B3AE4612149C0DDC00767CBD /* ZincCatalog.h */,
				B3AE4613149C0DDC00767CBD /* ZincCatalog.m */,
				B3215E2414BE600E00FC7FA7 /* ZincResource.h */,
				B3215E2514BE600E00FC7FA7 /* ZincResource.m */,
				B3549DED148DB80900DD63D1 /* ZincManifest.h */,
				B3549DEE148DB80900DD63D1 /* ZincManifest.m */,
				B3E46B5114C3DDB900030349 /* Tasks */,
			);
			name = Main;
			sourceTree = "<group>";
		};
/* End PBXGroup section */

/* Begin PBXHeadersBuildPhase section */
		B340F96E148D52D800206F86 /* Headers */ = {
			isa = PBXHeadersBuildPhase;
			buildActionMask = 2147483647;
			files = (
				B340F995148D543B00206F86 /* ZincBundle.h in Headers */,
				B340F99B148D563000206F86 /* ZincBundle+Private.h in Headers */,
				B340FA04148D608D00206F86 /* NSFileManager+Zinc.h in Headers */,
				B340FA0F148D7DC100206F86 /* ZincErrors.h in Headers */,
				B3105722148D94480069F0D5 /* KSJSON.h in Headers */,
				B3105724148D94550069F0D5 /* AMFoundation.h in Headers */,
				B3549DEF148DB80900DD63D1 /* ZincManifest.h in Headers */,
				B3F8AF76148EFCDF00CB92B5 /* ZincRepo.h in Headers */,
				B3AE4614149C0DDC00767CBD /* ZincCatalog.h in Headers */,
				B3AE4635149C1D3400767CBD /* AFHTTPClient.h in Headers */,
				B3AE4637149C1D3400767CBD /* AFHTTPRequestOperation.h in Headers */,
				B3AE4639149C1D3400767CBD /* AFImageCache.h in Headers */,
				B3AE463B149C1D3400767CBD /* AFImageRequestOperation.h in Headers */,
				B3AE463D149C1D3400767CBD /* AFJSONRequestOperation.h in Headers */,
				B3AE463F149C1D3400767CBD /* AFJSONUtilities.h in Headers */,
				B3AE4640149C1D3400767CBD /* AFNetworkActivityIndicatorManager.h in Headers */,
				B3AE4642149C1D3400767CBD /* AFNetworking.h in Headers */,
				B3AE4643149C1D3400767CBD /* AFPropertyListRequestOperation.h in Headers */,
				B3AE4645149C1D3400767CBD /* AFURLConnectionOperation.h in Headers */,
				B3AE4647149C1D3400767CBD /* AFXMLRequestOperation.h in Headers */,
				B3AE4649149C1D3400767CBD /* UIImageView+AFNetworking.h in Headers */,
				B3AE464D149C1FA800767CBD /* ZincSource.h in Headers */,
				B327D4B214AE6F410051416F /* sha1.h in Headers */,
				B326A94814B11B7E00CED8DF /* NSData+Zinc.h in Headers */,
				B327068114B77FAB004E3244 /* ZincEvent.h in Headers */,
				B32706C814BAA5BD004E3244 /* ZincRepo+Private.h in Headers */,
				B327070A14BC20F9004E3244 /* ZincBundleCloneTask.h in Headers */,
				B327070E14BCC723004E3244 /* ZincTask.h in Headers */,
				B327071214BCCB94004E3244 /* ZincSourceUpdateTask.h in Headers */,
				B327071614BCE12D004E3244 /* ZincManifestDownloadTask.h in Headers */,
				B327071E14BCE758004E3244 /* ZincObjectDownloadTask.h in Headers */,
				B3EACD8614BD4907004D90EC /* ZincGarbageCollectTask.h in Headers */,
				B3CEEC0214BE0F270023DF5B /* ZincBundleDeleteTask.h in Headers */,
				B3215E2214BE5AF800FC7FA7 /* ZincTaskDescriptor.h in Headers */,
				B3215E2614BE600E00FC7FA7 /* ZincResource.h in Headers */,
				B3215E2A14BE7E3C00FC7FA7 /* ZincCatalogUpdateTask.h in Headers */,
				B3215E2E14BF67CC00FC7FA7 /* ZincOperationQueueGroup.h in Headers */,
				B3215E3214BF7C6200FC7FA7 /* ZincRepoIndex.h in Headers */,
				B3215E3614BFAF1A00FC7FA7 /* ZincRepoIndexUpdateTask.h in Headers */,
				B38A06F314C0DADC00AEC367 /* UIImage+Zinc.h in Headers */,
				B3E46B5614C3DF7900030349 /* ZincUtils.h in Headers */,
				B3E46B5914C3E0EB00030349 /* Zinc.h in Headers */,
				B3E46B9E14C4C00400030349 /* ZincRepoIndexTests.h in Headers */,
				B31F797D14C5619B001A3A32 /* NSFileManager+Tar.h in Headers */,
				B3316A2A14C648F000AEAD6C /* ZincArchiveDownloadTask.h in Headers */,
				B3316A2E14C6754400AEAD6C /* ZincArchiveExtractOperation.h in Headers */,
				B338E4E014CCC33200BC0915 /* ZincDeepCopying.h in Headers */,
				B338E50614CDEDBE00BC0915 /* ZincSerialQueueProxy.h in Headers */,
				B3BE1CD914D79ECA00C61515 /* ZincDownloadTask.h in Headers */,
				B3BE1CDC14D79F0900C61515 /* ZincDownloadTask+Private.h in Headers */,
			);
			runOnlyForDeploymentPostprocessing = 0;
		};
/* End PBXHeadersBuildPhase section */

/* Begin PBXNativeTarget section */
		B340F96F148D52D800206F86 /* Zinc */ = {
			isa = PBXNativeTarget;
			buildConfigurationList = B340F98D148D52D800206F86 /* Build configuration list for PBXNativeTarget "Zinc" */;
			buildPhases = (
				B340F96C148D52D800206F86 /* Sources */,
				B340F96D148D52D800206F86 /* Frameworks */,
				B340F96E148D52D800206F86 /* Headers */,
			);
			buildRules = (
			);
			dependencies = (
				B3105716148D93B70069F0D5 /* PBXTargetDependency */,
				B3105714148D93B40069F0D5 /* PBXTargetDependency */,
			);
			name = Zinc;
			productName = Zinc;
			productReference = B340F970148D52D800206F86 /* libZinc.a */;
			productType = "com.apple.product-type.library.static";
		};
		B340F97C148D52D800206F86 /* ZincTests */ = {
			isa = PBXNativeTarget;
			buildConfigurationList = B340F990148D52D800206F86 /* Build configuration list for PBXNativeTarget "ZincTests" */;
			buildPhases = (
				B340F978148D52D800206F86 /* Sources */,
				B340F979148D52D800206F86 /* Frameworks */,
				B340F97A148D52D800206F86 /* Resources */,
				B340F97B148D52D800206F86 /* ShellScript */,
			);
			buildRules = (
			);
			dependencies = (
				B340F982148D52D800206F86 /* PBXTargetDependency */,
			);
			name = ZincTests;
			productName = ZincTests;
			productReference = B340F97D148D52D800206F86 /* ZincTests.octest */;
			productType = "com.apple.product-type.bundle";
		};
		B38743031489B830004B227B /* Zinc Demo */ = {
			isa = PBXNativeTarget;
			buildConfigurationList = B38743221489B830004B227B /* Build configuration list for PBXNativeTarget "Zinc Demo" */;
			buildPhases = (
				B38743001489B830004B227B /* Sources */,
				B38743011489B830004B227B /* Frameworks */,
				B38743021489B830004B227B /* Resources */,
			);
			buildRules = (
			);
			dependencies = (
				B340F998148D544B00206F86 /* PBXTargetDependency */,
			);
			name = "Zinc Demo";
			productName = ZincBundleTest;
			productReference = B38743041489B830004B227B /* Zinc-iOS.app */;
			productType = "com.apple.product-type.application";
		};
/* End PBXNativeTarget section */

/* Begin PBXProject section */
		B38742FB1489B830004B227B /* Project object */ = {
			isa = PBXProject;
			attributes = {
				LastUpgradeCheck = 0420;
				ORGANIZATIONNAME = MindSnacks;
			};
			buildConfigurationList = B38742FE1489B830004B227B /* Build configuration list for PBXProject "Zinc-ObjC" */;
			compatibilityVersion = "Xcode 3.2";
			developmentRegion = English;
			hasScannedForEncodings = 0;
			knownRegions = (
				en,
			);
			mainGroup = B38742F91489B830004B227B;
			productRefGroup = B38743051489B830004B227B /* Products */;
			projectDirPath = "";
			projectReferences = (
				{
					ProductGroup = B3105705148D93980069F0D5 /* Products */;
					ProjectRef = B3105704148D93980069F0D5 /* AMFoundation.xcodeproj */;
				},
				{
					ProductGroup = B31056F9148D93670069F0D5 /* Products */;
					ProjectRef = B31056F8148D93670069F0D5 /* KSJSON.xcodeproj */;
				},
			);
			projectRoot = "";
			targets = (
				B38743031489B830004B227B /* Zinc Demo */,
				B340F96F148D52D800206F86 /* Zinc */,
				B340F97C148D52D800206F86 /* ZincTests */,
			);
		};
/* End PBXProject section */

/* Begin PBXReferenceProxy section */
		B3105701148D93670069F0D5 /* libKSJSON.a */ = {
			isa = PBXReferenceProxy;
			fileType = archive.ar;
			path = libKSJSON.a;
			remoteRef = B3105700148D93670069F0D5 /* PBXContainerItemProxy */;
			sourceTree = BUILT_PRODUCTS_DIR;
		};
		B3105703148D93670069F0D5 /* KSJSONTests.octest */ = {
			isa = PBXReferenceProxy;
			fileType = wrapper.cfbundle;
			path = KSJSONTests.octest;
			remoteRef = B3105702148D93670069F0D5 /* PBXContainerItemProxy */;
			sourceTree = BUILT_PRODUCTS_DIR;
		};
		B310570E148D93980069F0D5 /* libAMFoundation_iOS.a */ = {
			isa = PBXReferenceProxy;
			fileType = archive.ar;
			path = libAMFoundation_iOS.a;
			remoteRef = B310570D148D93980069F0D5 /* PBXContainerItemProxy */;
			sourceTree = BUILT_PRODUCTS_DIR;
		};
		B3105710148D93980069F0D5 /* libAMFoundation_Mac.a */ = {
			isa = PBXReferenceProxy;
			fileType = archive.ar;
			path = libAMFoundation_Mac.a;
			remoteRef = B310570F148D93980069F0D5 /* PBXContainerItemProxy */;
			sourceTree = BUILT_PRODUCTS_DIR;
		};
		B3105712148D93980069F0D5 /* AMFoundationTests.octest */ = {
			isa = PBXReferenceProxy;
			fileType = wrapper.cfbundle;
			path = AMFoundationTests.octest;
			remoteRef = B3105711148D93980069F0D5 /* PBXContainerItemProxy */;
			sourceTree = BUILT_PRODUCTS_DIR;
		};
/* End PBXReferenceProxy section */

/* Begin PBXResourcesBuildPhase section */
		B340F97A148D52D800206F86 /* Resources */ = {
			isa = PBXResourcesBuildPhase;
			buildActionMask = 2147483647;
			files = (
				B340F989148D52D800206F86 /* InfoPlist.strings in Resources */,
				B3549DF3148DC0ED00DD63D1 /* Data in Resources */,
			);
			runOnlyForDeploymentPostprocessing = 0;
		};
		B38743021489B830004B227B /* Resources */ = {
			isa = PBXResourcesBuildPhase;
			buildActionMask = 2147483647;
			files = (
				B38743131489B830004B227B /* InfoPlist.strings in Resources */,
				B387431F1489B830004B227B /* ViewController.xib in Resources */,
				B3DB05CF14DA0DB600438665 /* BundleDetailViewController.xib in Resources */,
			);
			runOnlyForDeploymentPostprocessing = 0;
		};
/* End PBXResourcesBuildPhase section */

/* Begin PBXShellScriptBuildPhase section */
		B340F97B148D52D800206F86 /* ShellScript */ = {
			isa = PBXShellScriptBuildPhase;
			buildActionMask = 2147483647;
			files = (
			);
			inputPaths = (
			);
			outputPaths = (
			);
			runOnlyForDeploymentPostprocessing = 0;
			shellPath = /bin/sh;
			shellScript = "# Run the unit tests in this test bundle.\n\"${SYSTEM_DEVELOPER_DIR}/Tools/RunUnitTests\"\n";
		};
/* End PBXShellScriptBuildPhase section */

/* Begin PBXSourcesBuildPhase section */
		B340F96C148D52D800206F86 /* Sources */ = {
			isa = PBXSourcesBuildPhase;
			buildActionMask = 2147483647;
			files = (
				B340F996148D543B00206F86 /* ZincBundle.m in Sources */,
				B340FA05148D608D00206F86 /* NSFileManager+Zinc.m in Sources */,
				B3549DCF148D957900DD63D1 /* KSJSON.m in Sources */,
				B3549DF0148DB80900DD63D1 /* ZincManifest.m in Sources */,
				B3F8AF77148EFCDF00CB92B5 /* ZincRepo.m in Sources */,
				B3AE4615149C0DDC00767CBD /* ZincCatalog.m in Sources */,
				B3AE4636149C1D3400767CBD /* AFHTTPClient.m in Sources */,
				B3AE4638149C1D3400767CBD /* AFHTTPRequestOperation.m in Sources */,
				B3AE463A149C1D3400767CBD /* AFImageCache.m in Sources */,
				B3AE463C149C1D3400767CBD /* AFImageRequestOperation.m in Sources */,
				B3AE463E149C1D3400767CBD /* AFJSONRequestOperation.m in Sources */,
				B3AE4641149C1D3400767CBD /* AFNetworkActivityIndicatorManager.m in Sources */,
				B3AE4644149C1D3400767CBD /* AFPropertyListRequestOperation.m in Sources */,
				B3AE4646149C1D3400767CBD /* AFURLConnectionOperation.m in Sources */,
				B3AE4648149C1D3400767CBD /* AFXMLRequestOperation.m in Sources */,
				B3AE464A149C1D3400767CBD /* UIImageView+AFNetworking.m in Sources */,
				B3AE464E149C1FA800767CBD /* ZincSource.m in Sources */,
				B327D4B114AE6F410051416F /* sha1.c in Sources */,
				B326A94914B11B7E00CED8DF /* NSData+Zinc.m in Sources */,
				B327068214B77FAB004E3244 /* ZincEvent.m in Sources */,
				B327070B14BC20F9004E3244 /* ZincBundleCloneTask.m in Sources */,
				B327070F14BCC724004E3244 /* ZincTask.m in Sources */,
				B327071314BCCB94004E3244 /* ZincSourceUpdateTask.m in Sources */,
				B327071714BCE12D004E3244 /* ZincManifestDownloadTask.m in Sources */,
				B327071F14BCE758004E3244 /* ZincObjectDownloadTask.m in Sources */,
				B3EACD8714BD4907004D90EC /* ZincGarbageCollectTask.m in Sources */,
				B3CEEC0314BE0F270023DF5B /* ZincBundleDeleteTask.m in Sources */,
				B3215E2314BE5AF800FC7FA7 /* ZincTaskDescriptor.m in Sources */,
				B3215E2714BE600E00FC7FA7 /* ZincResource.m in Sources */,
				B3215E2B14BE7E3C00FC7FA7 /* ZincCatalogUpdateTask.m in Sources */,
				B3215E2F14BF67CC00FC7FA7 /* ZincOperationQueueGroup.m in Sources */,
				B3215E3314BF7C6200FC7FA7 /* ZincRepoIndex.m in Sources */,
				B3215E3714BFAF1A00FC7FA7 /* ZincRepoIndexUpdateTask.m in Sources */,
				B38A06F414C0DADC00AEC367 /* UIImage+Zinc.m in Sources */,
				B3E46B5714C3DF7900030349 /* ZincUtils.m in Sources */,
				B31F797E14C5619B001A3A32 /* NSFileManager+Tar.m in Sources */,
				B3316A2B14C648F000AEAD6C /* ZincArchiveDownloadTask.m in Sources */,
				B3316A2F14C6754400AEAD6C /* ZincArchiveExtractOperation.m in Sources */,
				B338E4E114CCC33200BC0915 /* ZincDeepCopying.m in Sources */,
				B338E50714CDEDBE00BC0915 /* ZincSerialQueueProxy.m in Sources */,
				B338E50914CE0FBC00BC0915 /* ZincGlobals.m in Sources */,
				B3BE1CDA14D79ECA00C61515 /* ZincDownloadTask.m in Sources */,
			);
			runOnlyForDeploymentPostprocessing = 0;
		};
		B340F978148D52D800206F86 /* Sources */ = {
			isa = PBXSourcesBuildPhase;
			buildActionMask = 2147483647;
			files = (
				B340F98C148D52D800206F86 /* ZincFunctionalTests.m in Sources */,
				B340F9BC148D5C6200206F86 /* ZincBundleTests.m in Sources */,
				B340FA0C148D67C400206F86 /* SenTestCase+MethodSwizzling.m in Sources */,
				B327D4BF14AE75DC0051416F /* ZincFileManagerTest.m in Sources */,
				B3215E3B14BFC6DA00FC7FA7 /* ZincResourceTests.m in Sources */,
				B3E46AB614C0DEDA00030349 /* UIImageZincTests.m in Sources */,
				B3E46BA014C4C01800030349 /* ZincRepoIndexTests.m in Sources */,
				B3D2CA1814C5FC1A00717B2E /* ZincManifestTests.m in Sources */,
			);
			runOnlyForDeploymentPostprocessing = 0;
		};
		B38743001489B830004B227B /* Sources */ = {
			isa = PBXSourcesBuildPhase;
			buildActionMask = 2147483647;
			files = (
				B38743151489B830004B227B /* main.m in Sources */,
				B38743191489B830004B227B /* AppDelegate.m in Sources */,
				B387431C1489B830004B227B /* ViewController.m in Sources */,
				B3D8E6F214D8B84D00D993F0 /* BundleListViewController.m in Sources */,
				B3DB05CE14DA0DB600438665 /* BundleDetailViewController.m in Sources */,
			);
			runOnlyForDeploymentPostprocessing = 0;
		};
/* End PBXSourcesBuildPhase section */

/* Begin PBXTargetDependency section */
		B3105714148D93B40069F0D5 /* PBXTargetDependency */ = {
			isa = PBXTargetDependency;
			name = AMFoundation_iOS;
			targetProxy = B3105713148D93B40069F0D5 /* PBXContainerItemProxy */;
		};
		B3105716148D93B70069F0D5 /* PBXTargetDependency */ = {
			isa = PBXTargetDependency;
			name = KSJSON;
			targetProxy = B3105715148D93B70069F0D5 /* PBXContainerItemProxy */;
		};
		B340F982148D52D800206F86 /* PBXTargetDependency */ = {
			isa = PBXTargetDependency;
			target = B340F96F148D52D800206F86 /* Zinc */;
			targetProxy = B340F981148D52D800206F86 /* PBXContainerItemProxy */;
		};
		B340F998148D544B00206F86 /* PBXTargetDependency */ = {
			isa = PBXTargetDependency;
			target = B340F96F148D52D800206F86 /* Zinc */;
			targetProxy = B340F997148D544B00206F86 /* PBXContainerItemProxy */;
		};
/* End PBXTargetDependency section */

/* Begin PBXVariantGroup section */
		B340F987148D52D800206F86 /* InfoPlist.strings */ = {
			isa = PBXVariantGroup;
			children = (
				B340F988148D52D800206F86 /* en */,
			);
			name = InfoPlist.strings;
			sourceTree = "<group>";
		};
		B38743111489B830004B227B /* InfoPlist.strings */ = {
			isa = PBXVariantGroup;
			children = (
				B38743121489B830004B227B /* en */,
			);
			name = InfoPlist.strings;
			sourceTree = "<group>";
		};
		B387431D1489B830004B227B /* ViewController.xib */ = {
			isa = PBXVariantGroup;
			children = (
				B387431E1489B830004B227B /* en */,
			);
			name = ViewController.xib;
			sourceTree = "<group>";
		};
/* End PBXVariantGroup section */

/* Begin XCBuildConfiguration section */
		B340F98E148D52D800206F86 /* Debug */ = {
			isa = XCBuildConfiguration;
			buildSettings = {
				DSTROOT = /tmp/Zinc.dst;
				GCC_PREFIX_HEADER = "Zinc/Zinc-Prefix.pch";
				OTHER_LDFLAGS = "-ObjC";
				PRODUCT_NAME = "$(TARGET_NAME)";
				SKIP_INSTALL = YES;
			};
			name = Debug;
		};
		B340F98F148D52D800206F86 /* Release */ = {
			isa = XCBuildConfiguration;
			buildSettings = {
				DSTROOT = /tmp/Zinc.dst;
				GCC_PREFIX_HEADER = "Zinc/Zinc-Prefix.pch";
				OTHER_LDFLAGS = "-ObjC";
				PRODUCT_NAME = "$(TARGET_NAME)";
				SKIP_INSTALL = YES;
			};
			name = Release;
		};
		B340F991148D52D800206F86 /* Debug */ = {
			isa = XCBuildConfiguration;
			buildSettings = {
				FRAMEWORK_SEARCH_PATHS = (
					"$(SDKROOT)/Developer/Library/Frameworks",
					"$(DEVELOPER_LIBRARY_DIR)/Frameworks",
				);
				GCC_PREFIX_HEADER = "ZincTests/ZincTests-Prefix.pch";
				HEADER_SEARCH_PATHS = "\"$(SRCROOT)/ZincTests/Dependencies/OCMock-1.77/Headers\"/**";
				INFOPLIST_FILE = "ZincTests/ZincTests-Info.plist";
				LIBRARY_SEARCH_PATHS = (
					"$(inherited)",
					"\"$(SRCROOT)/ZincTests/Dependencies/OCMock-1.77\"",
				);
				OTHER_LDFLAGS = "-ObjC";
				PRODUCT_NAME = "$(TARGET_NAME)";
				USER_HEADER_SEARCH_PATHS = "";
				WRAPPER_EXTENSION = octest;
			};
			name = Debug;
		};
		B340F992148D52D800206F86 /* Release */ = {
			isa = XCBuildConfiguration;
			buildSettings = {
				FRAMEWORK_SEARCH_PATHS = (
					"$(SDKROOT)/Developer/Library/Frameworks",
					"$(DEVELOPER_LIBRARY_DIR)/Frameworks",
				);
				GCC_PREFIX_HEADER = "ZincTests/ZincTests-Prefix.pch";
				HEADER_SEARCH_PATHS = "\"$(SRCROOT)/ZincTests/Dependencies/OCMock-1.77/Headers\"/**";
				INFOPLIST_FILE = "ZincTests/ZincTests-Info.plist";
				LIBRARY_SEARCH_PATHS = (
					"$(inherited)",
					"\"$(SRCROOT)/ZincTests/Dependencies/OCMock-1.77\"",
				);
				OTHER_LDFLAGS = "-ObjC";
				PRODUCT_NAME = "$(TARGET_NAME)";
				USER_HEADER_SEARCH_PATHS = "";
				WRAPPER_EXTENSION = octest;
			};
			name = Release;
		};
		B38743201489B830004B227B /* Debug */ = {
			isa = XCBuildConfiguration;
			buildSettings = {
				ALWAYS_SEARCH_USER_PATHS = NO;
				ARCHS = "$(ARCHS_STANDARD_32_BIT)";
				"CODE_SIGN_IDENTITY[sdk=iphoneos*]" = "iPhone Developer";
				COPY_PHASE_STRIP = NO;
				GCC_C_LANGUAGE_STANDARD = gnu99;
				GCC_DYNAMIC_NO_PIC = NO;
				GCC_OPTIMIZATION_LEVEL = 0;
				GCC_PREPROCESSOR_DEFINITIONS = (
					"DEBUG=1",
					"$(inherited)",
				);
				GCC_SYMBOLS_PRIVATE_EXTERN = NO;
				GCC_VERSION = com.apple.compilers.llvm.clang.1_0;
				GCC_WARN_ABOUT_MISSING_PROTOTYPES = YES;
				GCC_WARN_ABOUT_RETURN_TYPE = YES;
				GCC_WARN_UNUSED_VARIABLE = YES;
				IPHONEOS_DEPLOYMENT_TARGET = 4.3;
				SDKROOT = iphoneos;
			};
			name = Debug;
		};
		B38743211489B830004B227B /* Release */ = {
			isa = XCBuildConfiguration;
			buildSettings = {
				ALWAYS_SEARCH_USER_PATHS = NO;
				ARCHS = "$(ARCHS_STANDARD_32_BIT)";
				"CODE_SIGN_IDENTITY[sdk=iphoneos*]" = "iPhone Developer";
				COPY_PHASE_STRIP = YES;
				GCC_C_LANGUAGE_STANDARD = gnu99;
				GCC_VERSION = com.apple.compilers.llvm.clang.1_0;
				GCC_WARN_ABOUT_MISSING_PROTOTYPES = YES;
				GCC_WARN_ABOUT_RETURN_TYPE = YES;
				GCC_WARN_UNUSED_VARIABLE = YES;
				IPHONEOS_DEPLOYMENT_TARGET = 4.3;
				OTHER_CFLAGS = "-DNS_BLOCK_ASSERTIONS=1";
				SDKROOT = iphoneos;
				VALIDATE_PRODUCT = YES;
			};
			name = Release;
		};
		B38743231489B830004B227B /* Debug */ = {
			isa = XCBuildConfiguration;
			buildSettings = {
				GCC_PRECOMPILE_PREFIX_HEADER = YES;
				GCC_PREFIX_HEADER = "ZincDemo/Zinc-Demo-Prefix.pch";
				INFOPLIST_FILE = "ZincDemo/Zinc-Demo-Info.plist";
				OTHER_LDFLAGS = "-ObjC";
				PRODUCT_NAME = "Zinc-iOS";
				WRAPPER_EXTENSION = app;
			};
			name = Debug;
		};
		B38743241489B830004B227B /* Release */ = {
			isa = XCBuildConfiguration;
			buildSettings = {
				GCC_PRECOMPILE_PREFIX_HEADER = YES;
				GCC_PREFIX_HEADER = "ZincDemo/Zinc-Demo-Prefix.pch";
				INFOPLIST_FILE = "ZincDemo/Zinc-Demo-Info.plist";
				OTHER_LDFLAGS = "-ObjC";
				PRODUCT_NAME = "Zinc-iOS";
				WRAPPER_EXTENSION = app;
			};
			name = Release;
		};
/* End XCBuildConfiguration section */

/* Begin XCConfigurationList section */
		B340F98D148D52D800206F86 /* Build configuration list for PBXNativeTarget "Zinc" */ = {
			isa = XCConfigurationList;
			buildConfigurations = (
				B340F98E148D52D800206F86 /* Debug */,
				B340F98F148D52D800206F86 /* Release */,
			);
			defaultConfigurationIsVisible = 0;
			defaultConfigurationName = Release;
		};
		B340F990148D52D800206F86 /* Build configuration list for PBXNativeTarget "ZincTests" */ = {
			isa = XCConfigurationList;
			buildConfigurations = (
				B340F991148D52D800206F86 /* Debug */,
				B340F992148D52D800206F86 /* Release */,
			);
			defaultConfigurationIsVisible = 0;
			defaultConfigurationName = Release;
		};
		B38742FE1489B830004B227B /* Build configuration list for PBXProject "Zinc-ObjC" */ = {
			isa = XCConfigurationList;
			buildConfigurations = (
				B38743201489B830004B227B /* Debug */,
				B38743211489B830004B227B /* Release */,
			);
			defaultConfigurationIsVisible = 0;
			defaultConfigurationName = Release;
		};
		B38743221489B830004B227B /* Build configuration list for PBXNativeTarget "Zinc Demo" */ = {
			isa = XCConfigurationList;
			buildConfigurations = (
				B38743231489B830004B227B /* Debug */,
				B38743241489B830004B227B /* Release */,
			);
			defaultConfigurationIsVisible = 0;
			defaultConfigurationName = Release;
		};
/* End XCConfigurationList section */
	};
	rootObject = B38742FB1489B830004B227B /* Project object */;
}
