// !$*UTF8*$!
{
	archiveVersion = 1;
	classes = {
	};
	objectVersion = 46;
	objects = {

/* Begin PBXBuildFile section */
		B3105722148D94480069F0D5 /* KSJSON.h in Headers */ = {isa = PBXBuildFile; fileRef = B3105721148D94480069F0D5 /* KSJSON.h */; };
		B3105724148D94550069F0D5 /* AMFoundation.h in Headers */ = {isa = PBXBuildFile; fileRef = B3105723148D94550069F0D5 /* AMFoundation.h */; };
		B340F971148D52D800206F86 /* Foundation.framework in Frameworks */ = {isa = PBXBuildFile; fileRef = B387430A1489B830004B227B /* Foundation.framework */; };
		B340F977148D52D800206F86 /* Zinc.m in Sources */ = {isa = PBXBuildFile; fileRef = B340F976148D52D800206F86 /* Zinc.m */; };
		B340F97E148D52D800206F86 /* SenTestingKit.framework in Frameworks */ = {isa = PBXBuildFile; fileRef = B340F94A148D514600206F86 /* SenTestingKit.framework */; };
		B340F97F148D52D800206F86 /* UIKit.framework in Frameworks */ = {isa = PBXBuildFile; fileRef = B38743081489B830004B227B /* UIKit.framework */; };
		B340F980148D52D800206F86 /* Foundation.framework in Frameworks */ = {isa = PBXBuildFile; fileRef = B387430A1489B830004B227B /* Foundation.framework */; };
		B340F983148D52D800206F86 /* libZinc.a in Frameworks */ = {isa = PBXBuildFile; fileRef = B340F970148D52D800206F86 /* libZinc.a */; };
		B340F989148D52D800206F86 /* InfoPlist.strings in Resources */ = {isa = PBXBuildFile; fileRef = B340F987148D52D800206F86 /* InfoPlist.strings */; };
		B340F98C148D52D800206F86 /* ZincFunctionalTests.m in Sources */ = {isa = PBXBuildFile; fileRef = B340F98B148D52D800206F86 /* ZincFunctionalTests.m */; };
		B340F995148D543B00206F86 /* ZCBundle.h in Headers */ = {isa = PBXBuildFile; fileRef = B340F993148D543B00206F86 /* ZCBundle.h */; };
		B340F996148D543B00206F86 /* ZCBundle.m in Sources */ = {isa = PBXBuildFile; fileRef = B340F994148D543B00206F86 /* ZCBundle.m */; };
		B340F999148D546300206F86 /* libZinc.a in Frameworks */ = {isa = PBXBuildFile; fileRef = B340F970148D52D800206F86 /* libZinc.a */; };
		B340F99B148D563000206F86 /* ZCBundle+Private.h in Headers */ = {isa = PBXBuildFile; fileRef = B340F99A148D563000206F86 /* ZCBundle+Private.h */; };
		B340F9B4148D581200206F86 /* libOCMock.a in Frameworks */ = {isa = PBXBuildFile; fileRef = B340F9B3148D581200206F86 /* libOCMock.a */; };
		B340F9BC148D5C6200206F86 /* ZCBundleTests.m in Sources */ = {isa = PBXBuildFile; fileRef = B340F9BB148D5C6200206F86 /* ZCBundleTests.m */; };
		B340FA04148D608D00206F86 /* NSFileManager+Zinc.h in Headers */ = {isa = PBXBuildFile; fileRef = B340FA02148D608D00206F86 /* NSFileManager+Zinc.h */; };
		B340FA05148D608D00206F86 /* NSFileManager+Zinc.m in Sources */ = {isa = PBXBuildFile; fileRef = B340FA03148D608D00206F86 /* NSFileManager+Zinc.m */; };
		B340FA0C148D67C400206F86 /* SenTestCase+MethodSwizzling.m in Sources */ = {isa = PBXBuildFile; fileRef = B340FA0B148D67C400206F86 /* SenTestCase+MethodSwizzling.m */; };
		B340FA0F148D7DC100206F86 /* ZincErrors.h in Headers */ = {isa = PBXBuildFile; fileRef = B340FA0E148D7DC100206F86 /* ZincErrors.h */; };
		B3549DCB148D950500DD63D1 /* libAMFoundation_iOS.a in Frameworks */ = {isa = PBXBuildFile; fileRef = B310570E148D93980069F0D5 /* libAMFoundation_iOS.a */; };
		B3549DCF148D957900DD63D1 /* KSJSON.m in Sources */ = {isa = PBXBuildFile; fileRef = B3549DCE148D957900DD63D1 /* KSJSON.m */; };
		B3549DD6148DA5CC00DD63D1 /* ZCFileSystem+Private.h in Headers */ = {isa = PBXBuildFile; fileRef = B3549DD5148DA5CC00DD63D1 /* ZCFileSystem+Private.h */; };
		B3549DEF148DB80900DD63D1 /* ZincManifest.h in Headers */ = {isa = PBXBuildFile; fileRef = B3549DED148DB80900DD63D1 /* ZincManifest.h */; };
		B3549DF0148DB80900DD63D1 /* ZincManifest.m in Sources */ = {isa = PBXBuildFile; fileRef = B3549DEE148DB80900DD63D1 /* ZincManifest.m */; };
		B3549DF3148DC0ED00DD63D1 /* Data in Resources */ = {isa = PBXBuildFile; fileRef = B3549DF2148DC0ED00DD63D1 /* Data */; };
		B38743091489B830004B227B /* UIKit.framework in Frameworks */ = {isa = PBXBuildFile; fileRef = B38743081489B830004B227B /* UIKit.framework */; };
		B387430B1489B830004B227B /* Foundation.framework in Frameworks */ = {isa = PBXBuildFile; fileRef = B387430A1489B830004B227B /* Foundation.framework */; };
		B387430D1489B830004B227B /* CoreGraphics.framework in Frameworks */ = {isa = PBXBuildFile; fileRef = B387430C1489B830004B227B /* CoreGraphics.framework */; };
		B38743131489B830004B227B /* InfoPlist.strings in Resources */ = {isa = PBXBuildFile; fileRef = B38743111489B830004B227B /* InfoPlist.strings */; };
		B38743151489B830004B227B /* main.m in Sources */ = {isa = PBXBuildFile; fileRef = B38743141489B830004B227B /* main.m */; };
		B38743191489B830004B227B /* AppDelegate.m in Sources */ = {isa = PBXBuildFile; fileRef = B38743181489B830004B227B /* AppDelegate.m */; };
		B387431C1489B830004B227B /* ViewController.m in Sources */ = {isa = PBXBuildFile; fileRef = B387431B1489B830004B227B /* ViewController.m */; };
		B387431F1489B830004B227B /* ViewController.xib in Resources */ = {isa = PBXBuildFile; fileRef = B387431D1489B830004B227B /* ViewController.xib */; };
		B3AE4614149C0DDC00767CBD /* ZincIndex.h in Headers */ = {isa = PBXBuildFile; fileRef = B3AE4612149C0DDC00767CBD /* ZincIndex.h */; };
		B3AE4615149C0DDC00767CBD /* ZincIndex.m in Sources */ = {isa = PBXBuildFile; fileRef = B3AE4613149C0DDC00767CBD /* ZincIndex.m */; };
		B3AE461C149C126E00767CBD /* AMURLRequestManager.h in Headers */ = {isa = PBXBuildFile; fileRef = B3AE461A149C126E00767CBD /* AMURLRequestManager.h */; };
		B3AE461D149C126E00767CBD /* AMURLRequestManager.m in Sources */ = {isa = PBXBuildFile; fileRef = B3AE461B149C126E00767CBD /* AMURLRequestManager.m */; };
		B3AE4635149C1D3400767CBD /* AFHTTPClient.h in Headers */ = {isa = PBXBuildFile; fileRef = B3AE461F149C1D3400767CBD /* AFHTTPClient.h */; };
		B3AE4636149C1D3400767CBD /* AFHTTPClient.m in Sources */ = {isa = PBXBuildFile; fileRef = B3AE4620149C1D3400767CBD /* AFHTTPClient.m */; };
		B3AE4637149C1D3400767CBD /* AFHTTPRequestOperation.h in Headers */ = {isa = PBXBuildFile; fileRef = B3AE4621149C1D3400767CBD /* AFHTTPRequestOperation.h */; };
		B3AE4638149C1D3400767CBD /* AFHTTPRequestOperation.m in Sources */ = {isa = PBXBuildFile; fileRef = B3AE4622149C1D3400767CBD /* AFHTTPRequestOperation.m */; };
		B3AE4639149C1D3400767CBD /* AFImageCache.h in Headers */ = {isa = PBXBuildFile; fileRef = B3AE4623149C1D3400767CBD /* AFImageCache.h */; };
		B3AE463A149C1D3400767CBD /* AFImageCache.m in Sources */ = {isa = PBXBuildFile; fileRef = B3AE4624149C1D3400767CBD /* AFImageCache.m */; };
		B3AE463B149C1D3400767CBD /* AFImageRequestOperation.h in Headers */ = {isa = PBXBuildFile; fileRef = B3AE4625149C1D3400767CBD /* AFImageRequestOperation.h */; };
		B3AE463C149C1D3400767CBD /* AFImageRequestOperation.m in Sources */ = {isa = PBXBuildFile; fileRef = B3AE4626149C1D3400767CBD /* AFImageRequestOperation.m */; };
		B3AE463D149C1D3400767CBD /* AFJSONRequestOperation.h in Headers */ = {isa = PBXBuildFile; fileRef = B3AE4627149C1D3400767CBD /* AFJSONRequestOperation.h */; };
		B3AE463E149C1D3400767CBD /* AFJSONRequestOperation.m in Sources */ = {isa = PBXBuildFile; fileRef = B3AE4628149C1D3400767CBD /* AFJSONRequestOperation.m */; };
		B3AE463F149C1D3400767CBD /* AFJSONUtilities.h in Headers */ = {isa = PBXBuildFile; fileRef = B3AE4629149C1D3400767CBD /* AFJSONUtilities.h */; };
		B3AE4640149C1D3400767CBD /* AFNetworkActivityIndicatorManager.h in Headers */ = {isa = PBXBuildFile; fileRef = B3AE462A149C1D3400767CBD /* AFNetworkActivityIndicatorManager.h */; };
		B3AE4641149C1D3400767CBD /* AFNetworkActivityIndicatorManager.m in Sources */ = {isa = PBXBuildFile; fileRef = B3AE462B149C1D3400767CBD /* AFNetworkActivityIndicatorManager.m */; };
		B3AE4642149C1D3400767CBD /* AFNetworking.h in Headers */ = {isa = PBXBuildFile; fileRef = B3AE462C149C1D3400767CBD /* AFNetworking.h */; };
		B3AE4643149C1D3400767CBD /* AFPropertyListRequestOperation.h in Headers */ = {isa = PBXBuildFile; fileRef = B3AE462D149C1D3400767CBD /* AFPropertyListRequestOperation.h */; };
		B3AE4644149C1D3400767CBD /* AFPropertyListRequestOperation.m in Sources */ = {isa = PBXBuildFile; fileRef = B3AE462E149C1D3400767CBD /* AFPropertyListRequestOperation.m */; };
		B3AE4645149C1D3400767CBD /* AFURLConnectionOperation.h in Headers */ = {isa = PBXBuildFile; fileRef = B3AE462F149C1D3400767CBD /* AFURLConnectionOperation.h */; };
		B3AE4646149C1D3400767CBD /* AFURLConnectionOperation.m in Sources */ = {isa = PBXBuildFile; fileRef = B3AE4630149C1D3400767CBD /* AFURLConnectionOperation.m */; };
		B3AE4647149C1D3400767CBD /* AFXMLRequestOperation.h in Headers */ = {isa = PBXBuildFile; fileRef = B3AE4631149C1D3400767CBD /* AFXMLRequestOperation.h */; };
		B3AE4648149C1D3400767CBD /* AFXMLRequestOperation.m in Sources */ = {isa = PBXBuildFile; fileRef = B3AE4632149C1D3400767CBD /* AFXMLRequestOperation.m */; };
		B3AE4649149C1D3400767CBD /* UIImageView+AFNetworking.h in Headers */ = {isa = PBXBuildFile; fileRef = B3AE4633149C1D3400767CBD /* UIImageView+AFNetworking.h */; };
		B3AE464A149C1D3400767CBD /* UIImageView+AFNetworking.m in Sources */ = {isa = PBXBuildFile; fileRef = B3AE4634149C1D3400767CBD /* UIImageView+AFNetworking.m */; };
		B3AE464D149C1FA800767CBD /* ZCRemoteRepository.h in Headers */ = {isa = PBXBuildFile; fileRef = B3AE464B149C1FA700767CBD /* ZCRemoteRepository.h */; };
		B3AE464E149C1FA800767CBD /* ZCRemoteRepository.m in Sources */ = {isa = PBXBuildFile; fileRef = B3AE464C149C1FA700767CBD /* ZCRemoteRepository.m */; };
		B3D28819148D87E900377B70 /* ZincRepo.h in Headers */ = {isa = PBXBuildFile; fileRef = B340FA15148D862100206F86 /* ZincRepo.h */; };
		B3D2881A148D87EE00377B70 /* ZincRepo.m in Sources */ = {isa = PBXBuildFile; fileRef = B340FA16148D862100206F86 /* ZincRepo.m */; };
		B3F8AF76148EFCDF00CB92B5 /* ZincClient.h in Headers */ = {isa = PBXBuildFile; fileRef = B3F8AF74148EFCDF00CB92B5 /* ZincClient.h */; };
		B3F8AF77148EFCDF00CB92B5 /* ZincClient.m in Sources */ = {isa = PBXBuildFile; fileRef = B3F8AF75148EFCDF00CB92B5 /* ZincClient.m */; };
/* End PBXBuildFile section */

/* Begin PBXContainerItemProxy section */
		B3105700148D93670069F0D5 /* PBXContainerItemProxy */ = {
			isa = PBXContainerItemProxy;
			containerPortal = B31056F8148D93670069F0D5 /* KSJSON.xcodeproj */;
			proxyType = 2;
			remoteGlobalIDString = 398D070D145E5A9C00E0213B;
			remoteInfo = KSJSON;
		};
		B3105702148D93670069F0D5 /* PBXContainerItemProxy */ = {
			isa = PBXContainerItemProxy;
			containerPortal = B31056F8148D93670069F0D5 /* KSJSON.xcodeproj */;
			proxyType = 2;
			remoteGlobalIDString = 398D071D145E5A9C00E0213B;
			remoteInfo = KSJSONTests;
		};
		B310570D148D93980069F0D5 /* PBXContainerItemProxy */ = {
			isa = PBXContainerItemProxy;
			containerPortal = B3105704148D93980069F0D5 /* AMFoundation.xcodeproj */;
			proxyType = 2;
			remoteGlobalIDString = B3204DD3136388600061A1CE;
			remoteInfo = AMFoundation_iOS;
		};
		B310570F148D93980069F0D5 /* PBXContainerItemProxy */ = {
			isa = PBXContainerItemProxy;
			containerPortal = B3105704148D93980069F0D5 /* AMFoundation.xcodeproj */;
			proxyType = 2;
			remoteGlobalIDString = B3204DE11363888B0061A1CE;
			remoteInfo = AMFoundation_Mac;
		};
		B3105711148D93980069F0D5 /* PBXContainerItemProxy */ = {
			isa = PBXContainerItemProxy;
			containerPortal = B3105704148D93980069F0D5 /* AMFoundation.xcodeproj */;
			proxyType = 2;
			remoteGlobalIDString = B3204DB4136388230061A1CE;
			remoteInfo = AMFoundationTests;
		};
		B3105713148D93B40069F0D5 /* PBXContainerItemProxy */ = {
			isa = PBXContainerItemProxy;
			containerPortal = B3105704148D93980069F0D5 /* AMFoundation.xcodeproj */;
			proxyType = 1;
			remoteGlobalIDString = B3204DD2136388600061A1CE;
			remoteInfo = AMFoundation_iOS;
		};
		B3105715148D93B70069F0D5 /* PBXContainerItemProxy */ = {
			isa = PBXContainerItemProxy;
			containerPortal = B31056F8148D93670069F0D5 /* KSJSON.xcodeproj */;
			proxyType = 1;
			remoteGlobalIDString = 398D070C145E5A9C00E0213B;
			remoteInfo = KSJSON;
		};
		B340F981148D52D800206F86 /* PBXContainerItemProxy */ = {
			isa = PBXContainerItemProxy;
			containerPortal = B38742FB1489B830004B227B /* Project object */;
			proxyType = 1;
			remoteGlobalIDString = B340F96F148D52D800206F86;
			remoteInfo = Zinc;
		};
		B340F997148D544B00206F86 /* PBXContainerItemProxy */ = {
			isa = PBXContainerItemProxy;
			containerPortal = B38742FB1489B830004B227B /* Project object */;
			proxyType = 1;
			remoteGlobalIDString = B340F96F148D52D800206F86;
			remoteInfo = Zinc;
		};
/* End PBXContainerItemProxy section */

/* Begin PBXFileReference section */
		B31056F5148D8E430069F0D5 /* libKSJSON.a */ = {isa = PBXFileReference; lastKnownFileType = archive.ar; name = libKSJSON.a; path = "KSJSON/build/Release-iphoneos/libKSJSON.a"; sourceTree = "<group>"; };
		B31056F8148D93670069F0D5 /* KSJSON.xcodeproj */ = {isa = PBXFileReference; lastKnownFileType = "wrapper.pb-project"; name = KSJSON.xcodeproj; path = Dependencies/KSJSON/KSJSON.xcodeproj; sourceTree = SOURCE_ROOT; };
		B3105704148D93980069F0D5 /* AMFoundation.xcodeproj */ = {isa = PBXFileReference; lastKnownFileType = "wrapper.pb-project"; name = AMFoundation.xcodeproj; path = Dependencies/AMFoundation/AMFoundation.xcodeproj; sourceTree = SOURCE_ROOT; };
		B3105721148D94480069F0D5 /* KSJSON.h */ = {isa = PBXFileReference; fileEncoding = 4; lastKnownFileType = sourcecode.c.h; name = KSJSON.h; path = ../../Dependencies/KSJSON/KSJSON/KSJSON.h; sourceTree = "<group>"; };
		B3105723148D94550069F0D5 /* AMFoundation.h */ = {isa = PBXFileReference; fileEncoding = 4; lastKnownFileType = sourcecode.c.h; name = AMFoundation.h; path = ../../Dependencies/AMFoundation/AMFoundation/AMFoundation.h; sourceTree = "<group>"; };
		B340F94A148D514600206F86 /* SenTestingKit.framework */ = {isa = PBXFileReference; lastKnownFileType = wrapper.framework; name = SenTestingKit.framework; path = Library/Frameworks/SenTestingKit.framework; sourceTree = DEVELOPER_DIR; };
		B340F970148D52D800206F86 /* libZinc.a */ = {isa = PBXFileReference; explicitFileType = archive.ar; includeInIndex = 0; path = libZinc.a; sourceTree = BUILT_PRODUCTS_DIR; };
		B340F974148D52D800206F86 /* Zinc-Prefix.pch */ = {isa = PBXFileReference; lastKnownFileType = sourcecode.c.h; path = "Zinc-Prefix.pch"; sourceTree = "<group>"; };
		B340F975148D52D800206F86 /* Zinc.h */ = {isa = PBXFileReference; lastKnownFileType = sourcecode.c.h; path = Zinc.h; sourceTree = "<group>"; };
		B340F976148D52D800206F86 /* Zinc.m */ = {isa = PBXFileReference; lastKnownFileType = sourcecode.c.objc; path = Zinc.m; sourceTree = "<group>"; };
		B340F97D148D52D800206F86 /* ZincTests.octest */ = {isa = PBXFileReference; explicitFileType = wrapper.cfbundle; includeInIndex = 0; path = ZincTests.octest; sourceTree = BUILT_PRODUCTS_DIR; };
		B340F986148D52D800206F86 /* ZincTests-Info.plist */ = {isa = PBXFileReference; lastKnownFileType = text.plist.xml; path = "ZincTests-Info.plist"; sourceTree = "<group>"; };
		B340F988148D52D800206F86 /* en */ = {isa = PBXFileReference; lastKnownFileType = text.plist.strings; name = en; path = en.lproj/InfoPlist.strings; sourceTree = "<group>"; };
		B340F98A148D52D800206F86 /* ZincFunctionalTests.h */ = {isa = PBXFileReference; lastKnownFileType = sourcecode.c.h; path = ZincFunctionalTests.h; sourceTree = "<group>"; };
		B340F98B148D52D800206F86 /* ZincFunctionalTests.m */ = {isa = PBXFileReference; lastKnownFileType = sourcecode.c.objc; path = ZincFunctionalTests.m; sourceTree = "<group>"; };
		B340F993148D543B00206F86 /* ZCBundle.h */ = {isa = PBXFileReference; fileEncoding = 4; lastKnownFileType = sourcecode.c.h; path = ZCBundle.h; sourceTree = "<group>"; };
		B340F994148D543B00206F86 /* ZCBundle.m */ = {isa = PBXFileReference; fileEncoding = 4; lastKnownFileType = sourcecode.c.objc; path = ZCBundle.m; sourceTree = "<group>"; };
		B340F99A148D563000206F86 /* ZCBundle+Private.h */ = {isa = PBXFileReference; fileEncoding = 4; lastKnownFileType = sourcecode.c.h; path = "ZCBundle+Private.h"; sourceTree = "<group>"; };
		B340F9AD148D581200206F86 /* NSNotificationCenter+OCMAdditions.h */ = {isa = PBXFileReference; fileEncoding = 4; lastKnownFileType = sourcecode.c.h; path = "NSNotificationCenter+OCMAdditions.h"; sourceTree = "<group>"; };
		B340F9AE148D581200206F86 /* OCMArg.h */ = {isa = PBXFileReference; fileEncoding = 4; lastKnownFileType = sourcecode.c.h; path = OCMArg.h; sourceTree = "<group>"; };
		B340F9AF148D581200206F86 /* OCMConstraint.h */ = {isa = PBXFileReference; fileEncoding = 4; lastKnownFileType = sourcecode.c.h; path = OCMConstraint.h; sourceTree = "<group>"; };
		B340F9B0148D581200206F86 /* OCMock.h */ = {isa = PBXFileReference; fileEncoding = 4; lastKnownFileType = sourcecode.c.h; path = OCMock.h; sourceTree = "<group>"; };
		B340F9B1148D581200206F86 /* OCMockObject.h */ = {isa = PBXFileReference; fileEncoding = 4; lastKnownFileType = sourcecode.c.h; path = OCMockObject.h; sourceTree = "<group>"; };
		B340F9B2148D581200206F86 /* OCMockRecorder.h */ = {isa = PBXFileReference; fileEncoding = 4; lastKnownFileType = sourcecode.c.h; path = OCMockRecorder.h; sourceTree = "<group>"; };
		B340F9B3148D581200206F86 /* libOCMock.a */ = {isa = PBXFileReference; lastKnownFileType = archive.ar; path = libOCMock.a; sourceTree = "<group>"; };
		B340F9BA148D5C6200206F86 /* ZCBundleTests.h */ = {isa = PBXFileReference; fileEncoding = 4; lastKnownFileType = sourcecode.c.h; path = ZCBundleTests.h; sourceTree = "<group>"; };
		B340F9BB148D5C6200206F86 /* ZCBundleTests.m */ = {isa = PBXFileReference; fileEncoding = 4; lastKnownFileType = sourcecode.c.objc; path = ZCBundleTests.m; sourceTree = "<group>"; };
		B340FA02148D608D00206F86 /* NSFileManager+Zinc.h */ = {isa = PBXFileReference; fileEncoding = 4; lastKnownFileType = sourcecode.c.h; path = "NSFileManager+Zinc.h"; sourceTree = "<group>"; };
		B340FA03148D608D00206F86 /* NSFileManager+Zinc.m */ = {isa = PBXFileReference; fileEncoding = 4; lastKnownFileType = sourcecode.c.objc; path = "NSFileManager+Zinc.m"; sourceTree = "<group>"; };
		B340FA06148D628300206F86 /* ZincTests-Prefix.pch */ = {isa = PBXFileReference; fileEncoding = 4; lastKnownFileType = sourcecode.c.h; path = "ZincTests-Prefix.pch"; sourceTree = "<group>"; };
		B340FA0A148D67C400206F86 /* SenTestCase+MethodSwizzling.h */ = {isa = PBXFileReference; fileEncoding = 4; lastKnownFileType = sourcecode.c.h; path = "SenTestCase+MethodSwizzling.h"; sourceTree = "<group>"; };
		B340FA0B148D67C400206F86 /* SenTestCase+MethodSwizzling.m */ = {isa = PBXFileReference; fileEncoding = 4; lastKnownFileType = sourcecode.c.objc; path = "SenTestCase+MethodSwizzling.m"; sourceTree = "<group>"; };
		B340FA0D148D6F0F00206F86 /* TestUtility.h */ = {isa = PBXFileReference; fileEncoding = 4; lastKnownFileType = sourcecode.c.h; path = TestUtility.h; sourceTree = "<group>"; };
		B340FA0E148D7DC100206F86 /* ZincErrors.h */ = {isa = PBXFileReference; fileEncoding = 4; lastKnownFileType = sourcecode.c.h; path = ZincErrors.h; sourceTree = "<group>"; };
		B340FA13148D801A00206F86 /* libAMFoundation_iOS.a */ = {isa = PBXFileReference; lastKnownFileType = archive.ar; name = libAMFoundation_iOS.a; path = "AMFoundation/build/Release-iphoneos/libAMFoundation_iOS.a"; sourceTree = "<group>"; };
		B340FA15148D862100206F86 /* ZincRepo.h */ = {isa = PBXFileReference; fileEncoding = 4; lastKnownFileType = sourcecode.c.h; path = ZincRepo.h; sourceTree = "<group>"; };
		B340FA16148D862100206F86 /* ZincRepo.m */ = {isa = PBXFileReference; fileEncoding = 4; lastKnownFileType = sourcecode.c.objc; path = ZincRepo.m; sourceTree = "<group>"; };
		B3549DCE148D957900DD63D1 /* KSJSON.m */ = {isa = PBXFileReference; fileEncoding = 4; lastKnownFileType = sourcecode.c.objc; name = KSJSON.m; path = ../../Dependencies/KSJSON/KSJSON/KSJSON.m; sourceTree = "<group>"; };
		B3549DD5148DA5CC00DD63D1 /* ZCFileSystem+Private.h */ = {isa = PBXFileReference; fileEncoding = 4; lastKnownFileType = sourcecode.c.h; path = "ZCFileSystem+Private.h"; sourceTree = "<group>"; };
		B3549DED148DB80900DD63D1 /* ZincManifest.h */ = {isa = PBXFileReference; fileEncoding = 4; lastKnownFileType = sourcecode.c.h; path = ZincManifest.h; sourceTree = "<group>"; };
		B3549DEE148DB80900DD63D1 /* ZincManifest.m */ = {isa = PBXFileReference; fileEncoding = 4; lastKnownFileType = sourcecode.c.objc; path = ZincManifest.m; sourceTree = "<group>"; };
		B3549DF2148DC0ED00DD63D1 /* Data */ = {isa = PBXFileReference; lastKnownFileType = folder; path = Data; sourceTree = "<group>"; };
		B38743041489B830004B227B /* Zinc-iOS.app */ = {isa = PBXFileReference; explicitFileType = wrapper.application; includeInIndex = 0; path = "Zinc-iOS.app"; sourceTree = BUILT_PRODUCTS_DIR; };
		B38743081489B830004B227B /* UIKit.framework */ = {isa = PBXFileReference; lastKnownFileType = wrapper.framework; name = UIKit.framework; path = System/Library/Frameworks/UIKit.framework; sourceTree = SDKROOT; };
		B387430A1489B830004B227B /* Foundation.framework */ = {isa = PBXFileReference; lastKnownFileType = wrapper.framework; name = Foundation.framework; path = System/Library/Frameworks/Foundation.framework; sourceTree = SDKROOT; };
		B387430C1489B830004B227B /* CoreGraphics.framework */ = {isa = PBXFileReference; lastKnownFileType = wrapper.framework; name = CoreGraphics.framework; path = System/Library/Frameworks/CoreGraphics.framework; sourceTree = SDKROOT; };
		B38743101489B830004B227B /* Zinc-Demo-Info.plist */ = {isa = PBXFileReference; lastKnownFileType = text.plist.xml; path = "Zinc-Demo-Info.plist"; sourceTree = "<group>"; };
		B38743121489B830004B227B /* en */ = {isa = PBXFileReference; lastKnownFileType = text.plist.strings; name = en; path = en.lproj/InfoPlist.strings; sourceTree = "<group>"; };
		B38743141489B830004B227B /* main.m */ = {isa = PBXFileReference; lastKnownFileType = sourcecode.c.objc; path = main.m; sourceTree = "<group>"; };
		B38743161489B830004B227B /* Zinc-Demo-Prefix.pch */ = {isa = PBXFileReference; lastKnownFileType = sourcecode.c.h; path = "Zinc-Demo-Prefix.pch"; sourceTree = "<group>"; };
		B38743171489B830004B227B /* AppDelegate.h */ = {isa = PBXFileReference; lastKnownFileType = sourcecode.c.h; path = AppDelegate.h; sourceTree = "<group>"; };
		B38743181489B830004B227B /* AppDelegate.m */ = {isa = PBXFileReference; lastKnownFileType = sourcecode.c.objc; path = AppDelegate.m; sourceTree = "<group>"; };
		B387431A1489B830004B227B /* ViewController.h */ = {isa = PBXFileReference; lastKnownFileType = sourcecode.c.h; path = ViewController.h; sourceTree = "<group>"; };
		B387431B1489B830004B227B /* ViewController.m */ = {isa = PBXFileReference; lastKnownFileType = sourcecode.c.objc; path = ViewController.m; sourceTree = "<group>"; };
		B387431E1489B830004B227B /* en */ = {isa = PBXFileReference; lastKnownFileType = file.xib; name = en; path = en.lproj/ViewController.xib; sourceTree = "<group>"; };
		B3AE4612149C0DDC00767CBD /* ZincIndex.h */ = {isa = PBXFileReference; fileEncoding = 4; lastKnownFileType = sourcecode.c.h; path = ZincIndex.h; sourceTree = "<group>"; };
		B3AE4613149C0DDC00767CBD /* ZincIndex.m */ = {isa = PBXFileReference; fileEncoding = 4; lastKnownFileType = sourcecode.c.objc; path = ZincIndex.m; sourceTree = "<group>"; };
		B3AE461A149C126E00767CBD /* AMURLRequestManager.h */ = {isa = PBXFileReference; fileEncoding = 4; lastKnownFileType = sourcecode.c.h; name = AMURLRequestManager.h; path = "../../../MindSnacks-2.3.1/Classes/AMURLRequestManager.h"; sourceTree = "<group>"; };
		B3AE461B149C126E00767CBD /* AMURLRequestManager.m */ = {isa = PBXFileReference; fileEncoding = 4; lastKnownFileType = sourcecode.c.objc; name = AMURLRequestManager.m; path = "../../../MindSnacks-2.3.1/Classes/AMURLRequestManager.m"; sourceTree = "<group>"; };
		B3AE461F149C1D3400767CBD /* AFHTTPClient.h */ = {isa = PBXFileReference; fileEncoding = 4; lastKnownFileType = sourcecode.c.h; name = AFHTTPClient.h; path = Dependencies/AFNetworking/AFNetworking/AFHTTPClient.h; sourceTree = SOURCE_ROOT; };
		B3AE4620149C1D3400767CBD /* AFHTTPClient.m */ = {isa = PBXFileReference; fileEncoding = 4; lastKnownFileType = sourcecode.c.objc; name = AFHTTPClient.m; path = Dependencies/AFNetworking/AFNetworking/AFHTTPClient.m; sourceTree = SOURCE_ROOT; };
		B3AE4621149C1D3400767CBD /* AFHTTPRequestOperation.h */ = {isa = PBXFileReference; fileEncoding = 4; lastKnownFileType = sourcecode.c.h; name = AFHTTPRequestOperation.h; path = Dependencies/AFNetworking/AFNetworking/AFHTTPRequestOperation.h; sourceTree = SOURCE_ROOT; };
		B3AE4622149C1D3400767CBD /* AFHTTPRequestOperation.m */ = {isa = PBXFileReference; fileEncoding = 4; lastKnownFileType = sourcecode.c.objc; name = AFHTTPRequestOperation.m; path = Dependencies/AFNetworking/AFNetworking/AFHTTPRequestOperation.m; sourceTree = SOURCE_ROOT; };
		B3AE4623149C1D3400767CBD /* AFImageCache.h */ = {isa = PBXFileReference; fileEncoding = 4; lastKnownFileType = sourcecode.c.h; name = AFImageCache.h; path = Dependencies/AFNetworking/AFNetworking/AFImageCache.h; sourceTree = SOURCE_ROOT; };
		B3AE4624149C1D3400767CBD /* AFImageCache.m */ = {isa = PBXFileReference; fileEncoding = 4; lastKnownFileType = sourcecode.c.objc; name = AFImageCache.m; path = Dependencies/AFNetworking/AFNetworking/AFImageCache.m; sourceTree = SOURCE_ROOT; };
		B3AE4625149C1D3400767CBD /* AFImageRequestOperation.h */ = {isa = PBXFileReference; fileEncoding = 4; lastKnownFileType = sourcecode.c.h; name = AFImageRequestOperation.h; path = Dependencies/AFNetworking/AFNetworking/AFImageRequestOperation.h; sourceTree = SOURCE_ROOT; };
		B3AE4626149C1D3400767CBD /* AFImageRequestOperation.m */ = {isa = PBXFileReference; fileEncoding = 4; lastKnownFileType = sourcecode.c.objc; name = AFImageRequestOperation.m; path = Dependencies/AFNetworking/AFNetworking/AFImageRequestOperation.m; sourceTree = SOURCE_ROOT; };
		B3AE4627149C1D3400767CBD /* AFJSONRequestOperation.h */ = {isa = PBXFileReference; fileEncoding = 4; lastKnownFileType = sourcecode.c.h; name = AFJSONRequestOperation.h; path = Dependencies/AFNetworking/AFNetworking/AFJSONRequestOperation.h; sourceTree = SOURCE_ROOT; };
		B3AE4628149C1D3400767CBD /* AFJSONRequestOperation.m */ = {isa = PBXFileReference; fileEncoding = 4; lastKnownFileType = sourcecode.c.objc; name = AFJSONRequestOperation.m; path = Dependencies/AFNetworking/AFNetworking/AFJSONRequestOperation.m; sourceTree = SOURCE_ROOT; };
		B3AE4629149C1D3400767CBD /* AFJSONUtilities.h */ = {isa = PBXFileReference; fileEncoding = 4; lastKnownFileType = sourcecode.c.h; name = AFJSONUtilities.h; path = Dependencies/AFNetworking/AFNetworking/AFJSONUtilities.h; sourceTree = SOURCE_ROOT; };
		B3AE462A149C1D3400767CBD /* AFNetworkActivityIndicatorManager.h */ = {isa = PBXFileReference; fileEncoding = 4; lastKnownFileType = sourcecode.c.h; name = AFNetworkActivityIndicatorManager.h; path = Dependencies/AFNetworking/AFNetworking/AFNetworkActivityIndicatorManager.h; sourceTree = SOURCE_ROOT; };
		B3AE462B149C1D3400767CBD /* AFNetworkActivityIndicatorManager.m */ = {isa = PBXFileReference; fileEncoding = 4; lastKnownFileType = sourcecode.c.objc; name = AFNetworkActivityIndicatorManager.m; path = Dependencies/AFNetworking/AFNetworking/AFNetworkActivityIndicatorManager.m; sourceTree = SOURCE_ROOT; };
		B3AE462C149C1D3400767CBD /* AFNetworking.h */ = {isa = PBXFileReference; fileEncoding = 4; lastKnownFileType = sourcecode.c.h; name = AFNetworking.h; path = Dependencies/AFNetworking/AFNetworking/AFNetworking.h; sourceTree = SOURCE_ROOT; };
		B3AE462D149C1D3400767CBD /* AFPropertyListRequestOperation.h */ = {isa = PBXFileReference; fileEncoding = 4; lastKnownFileType = sourcecode.c.h; name = AFPropertyListRequestOperation.h; path = Dependencies/AFNetworking/AFNetworking/AFPropertyListRequestOperation.h; sourceTree = SOURCE_ROOT; };
		B3AE462E149C1D3400767CBD /* AFPropertyListRequestOperation.m */ = {isa = PBXFileReference; fileEncoding = 4; lastKnownFileType = sourcecode.c.objc; name = AFPropertyListRequestOperation.m; path = Dependencies/AFNetworking/AFNetworking/AFPropertyListRequestOperation.m; sourceTree = SOURCE_ROOT; };
		B3AE462F149C1D3400767CBD /* AFURLConnectionOperation.h */ = {isa = PBXFileReference; fileEncoding = 4; lastKnownFileType = sourcecode.c.h; name = AFURLConnectionOperation.h; path = Dependencies/AFNetworking/AFNetworking/AFURLConnectionOperation.h; sourceTree = SOURCE_ROOT; };
		B3AE4630149C1D3400767CBD /* AFURLConnectionOperation.m */ = {isa = PBXFileReference; fileEncoding = 4; lastKnownFileType = sourcecode.c.objc; name = AFURLConnectionOperation.m; path = Dependencies/AFNetworking/AFNetworking/AFURLConnectionOperation.m; sourceTree = SOURCE_ROOT; };
		B3AE4631149C1D3400767CBD /* AFXMLRequestOperation.h */ = {isa = PBXFileReference; fileEncoding = 4; lastKnownFileType = sourcecode.c.h; name = AFXMLRequestOperation.h; path = Dependencies/AFNetworking/AFNetworking/AFXMLRequestOperation.h; sourceTree = SOURCE_ROOT; };
		B3AE4632149C1D3400767CBD /* AFXMLRequestOperation.m */ = {isa = PBXFileReference; fileEncoding = 4; lastKnownFileType = sourcecode.c.objc; name = AFXMLRequestOperation.m; path = Dependencies/AFNetworking/AFNetworking/AFXMLRequestOperation.m; sourceTree = SOURCE_ROOT; };
		B3AE4633149C1D3400767CBD /* UIImageView+AFNetworking.h */ = {isa = PBXFileReference; fileEncoding = 4; lastKnownFileType = sourcecode.c.h; name = "UIImageView+AFNetworking.h"; path = "Dependencies/AFNetworking/AFNetworking/UIImageView+AFNetworking.h"; sourceTree = SOURCE_ROOT; };
		B3AE4634149C1D3400767CBD /* UIImageView+AFNetworking.m */ = {isa = PBXFileReference; fileEncoding = 4; lastKnownFileType = sourcecode.c.objc; name = "UIImageView+AFNetworking.m"; path = "Dependencies/AFNetworking/AFNetworking/UIImageView+AFNetworking.m"; sourceTree = SOURCE_ROOT; };
		B3AE464B149C1FA700767CBD /* ZCRemoteRepository.h */ = {isa = PBXFileReference; fileEncoding = 4; lastKnownFileType = sourcecode.c.h; path = ZCRemoteRepository.h; sourceTree = "<group>"; };
		B3AE464C149C1FA700767CBD /* ZCRemoteRepository.m */ = {isa = PBXFileReference; fileEncoding = 4; lastKnownFileType = sourcecode.c.objc; path = ZCRemoteRepository.m; sourceTree = "<group>"; };
		B3F8AF74148EFCDF00CB92B5 /* ZincClient.h */ = {isa = PBXFileReference; fileEncoding = 4; lastKnownFileType = sourcecode.c.h; path = ZincClient.h; sourceTree = "<group>"; };
		B3F8AF75148EFCDF00CB92B5 /* ZincClient.m */ = {isa = PBXFileReference; fileEncoding = 4; lastKnownFileType = sourcecode.c.objc; path = ZincClient.m; sourceTree = "<group>"; };
/* End PBXFileReference section */

/* Begin PBXFrameworksBuildPhase section */
		B340F96D148D52D800206F86 /* Frameworks */ = {
			isa = PBXFrameworksBuildPhase;
			buildActionMask = 2147483647;
			files = (
				B3549DCB148D950500DD63D1 /* libAMFoundation_iOS.a in Frameworks */,
				B340F971148D52D800206F86 /* Foundation.framework in Frameworks */,
			);
			runOnlyForDeploymentPostprocessing = 0;
		};
		B340F979148D52D800206F86 /* Frameworks */ = {
			isa = PBXFrameworksBuildPhase;
			buildActionMask = 2147483647;
			files = (
				B340F97E148D52D800206F86 /* SenTestingKit.framework in Frameworks */,
				B340F97F148D52D800206F86 /* UIKit.framework in Frameworks */,
				B340F980148D52D800206F86 /* Foundation.framework in Frameworks */,
				B340F983148D52D800206F86 /* libZinc.a in Frameworks */,
				B340F9B4148D581200206F86 /* libOCMock.a in Frameworks */,
			);
			runOnlyForDeploymentPostprocessing = 0;
		};
		B38743011489B830004B227B /* Frameworks */ = {
			isa = PBXFrameworksBuildPhase;
			buildActionMask = 2147483647;
			files = (
				B340F999148D546300206F86 /* libZinc.a in Frameworks */,
				B38743091489B830004B227B /* UIKit.framework in Frameworks */,
				B387430B1489B830004B227B /* Foundation.framework in Frameworks */,
				B387430D1489B830004B227B /* CoreGraphics.framework in Frameworks */,
			);
			runOnlyForDeploymentPostprocessing = 0;
		};
/* End PBXFrameworksBuildPhase section */

/* Begin PBXGroup section */
		B31056F7148D934B0069F0D5 /* Dependencies */ = {
			isa = PBXGroup;
			children = (
				B3AE461E149C1D0200767CBD /* AFNetworking */,
				B310571F148D94230069F0D5 /* AMFoundation */,
				B3105720148D942E0069F0D5 /* KSJSON */,
				B3AE461A149C126E00767CBD /* AMURLRequestManager.h */,
				B3AE461B149C126E00767CBD /* AMURLRequestManager.m */,
			);
			name = Dependencies;
			path = ZincTests/Dependencies;
			sourceTree = "<group>";
		};
		B31056F9148D93670069F0D5 /* Products */ = {
			isa = PBXGroup;
			children = (
				B3105701148D93670069F0D5 /* libKSJSON.a */,
				B3105703148D93670069F0D5 /* KSJSONTests.octest */,
			);
			name = Products;
			sourceTree = "<group>";
		};
		B3105705148D93980069F0D5 /* Products */ = {
			isa = PBXGroup;
			children = (
				B310570E148D93980069F0D5 /* libAMFoundation_iOS.a */,
				B3105710148D93980069F0D5 /* libAMFoundation_Mac.a */,
				B3105712148D93980069F0D5 /* AMFoundationTests.octest */,
			);
			name = Products;
			sourceTree = "<group>";
		};
		B310571F148D94230069F0D5 /* AMFoundation */ = {
			isa = PBXGroup;
			children = (
				B3105723148D94550069F0D5 /* AMFoundation.h */,
				B3549DD0148D958D00DD63D1 /* Source */,
			);
			name = AMFoundation;
			sourceTree = "<group>";
		};
		B3105720148D942E0069F0D5 /* KSJSON */ = {
			isa = PBXGroup;
			children = (
				B3549DCE148D957900DD63D1 /* KSJSON.m */,
				B3105721148D94480069F0D5 /* KSJSON.h */,
				B3549DD4148D959C00DD63D1 /* Source */,
			);
			name = KSJSON;
			sourceTree = "<group>";
		};
		B340F96B148D521000206F86 /* Resources */ = {
			isa = PBXGroup;
			children = (
			);
			path = Resources;
			sourceTree = "<group>";
		};
		B340F972148D52D800206F86 /* Zinc */ = {
			isa = PBXGroup;
			children = (
				B340F975148D52D800206F86 /* Zinc.h */,
				B340F976148D52D800206F86 /* Zinc.m */,
				B3AE4612149C0DDC00767CBD /* ZincIndex.h */,
				B3AE4613149C0DDC00767CBD /* ZincIndex.m */,
				B340FA0E148D7DC100206F86 /* ZincErrors.h */,
				B340F993148D543B00206F86 /* ZCBundle.h */,
				B340F99A148D563000206F86 /* ZCBundle+Private.h */,
				B340F994148D543B00206F86 /* ZCBundle.m */,
				B3549DED148DB80900DD63D1 /* ZincManifest.h */,
				B3549DEE148DB80900DD63D1 /* ZincManifest.m */,
				B340FA15148D862100206F86 /* ZincRepo.h */,
				B340FA16148D862100206F86 /* ZincRepo.m */,
				B3549DD5148DA5CC00DD63D1 /* ZCFileSystem+Private.h */,
				B340FA02148D608D00206F86 /* NSFileManager+Zinc.h */,
				B340FA03148D608D00206F86 /* NSFileManager+Zinc.m */,
				B3F8AF74148EFCDF00CB92B5 /* ZincClient.h */,
				B3F8AF75148EFCDF00CB92B5 /* ZincClient.m */,
				B3AE464B149C1FA700767CBD /* ZCRemoteRepository.h */,
				B3AE464C149C1FA700767CBD /* ZCRemoteRepository.m */,
				B340F973148D52D800206F86 /* Supporting Files */,
			);
			path = Zinc;
			sourceTree = "<group>";
		};
		B340F973148D52D800206F86 /* Supporting Files */ = {
			isa = PBXGroup;
			children = (
				B340F974148D52D800206F86 /* Zinc-Prefix.pch */,
			);
			name = "Supporting Files";
			sourceTree = "<group>";
		};
		B340F984148D52D800206F86 /* ZincTests */ = {
			isa = PBXGroup;
			children = (
				B340F98A148D52D800206F86 /* ZincFunctionalTests.h */,
				B340F98B148D52D800206F86 /* ZincFunctionalTests.m */,
				B340F9BA148D5C6200206F86 /* ZCBundleTests.h */,
				B340F9BB148D5C6200206F86 /* ZCBundleTests.m */,
				B340FA0A148D67C400206F86 /* SenTestCase+MethodSwizzling.h */,
				B340FA0B148D67C400206F86 /* SenTestCase+MethodSwizzling.m */,
				B3549DF2148DC0ED00DD63D1 /* Data */,
				B340F99C148D57A000206F86 /* Dependencies */,
				B340F985148D52D800206F86 /* Supporting Files */,
			);
			path = ZincTests;
			sourceTree = "<group>";
		};
		B340F985148D52D800206F86 /* Supporting Files */ = {
			isa = PBXGroup;
			children = (
				B340FA0D148D6F0F00206F86 /* TestUtility.h */,
				B340F986148D52D800206F86 /* ZincTests-Info.plist */,
				B340F987148D52D800206F86 /* InfoPlist.strings */,
				B340FA06148D628300206F86 /* ZincTests-Prefix.pch */,
			);
			name = "Supporting Files";
			sourceTree = "<group>";
		};
		B340F99C148D57A000206F86 /* Dependencies */ = {
			isa = PBXGroup;
			children = (
				B340F9AA148D581200206F86 /* OCMock-1.77 */,
			);
			path = Dependencies;
			sourceTree = "<group>";
		};
		B340F9AA148D581200206F86 /* OCMock-1.77 */ = {
			isa = PBXGroup;
			children = (
				B340F9AB148D581200206F86 /* Headers */,
				B340F9B3148D581200206F86 /* libOCMock.a */,
			);
			path = "OCMock-1.77";
			sourceTree = "<group>";
		};
		B340F9AB148D581200206F86 /* Headers */ = {
			isa = PBXGroup;
			children = (
				B340F9AC148D581200206F86 /* OCMock */,
			);
			path = Headers;
			sourceTree = "<group>";
		};
		B340F9AC148D581200206F86 /* OCMock */ = {
			isa = PBXGroup;
			children = (
				B340F9AD148D581200206F86 /* NSNotificationCenter+OCMAdditions.h */,
				B340F9AE148D581200206F86 /* OCMArg.h */,
				B340F9AF148D581200206F86 /* OCMConstraint.h */,
				B340F9B0148D581200206F86 /* OCMock.h */,
				B340F9B1148D581200206F86 /* OCMockObject.h */,
				B340F9B2148D581200206F86 /* OCMockRecorder.h */,
			);
			path = OCMock;
			sourceTree = "<group>";
		};
		B3549DD0148D958D00DD63D1 /* Source */ = {
			isa = PBXGroup;
			children = (
				B3105704148D93980069F0D5 /* AMFoundation.xcodeproj */,
			);
			name = Source;
			sourceTree = "<group>";
		};
		B3549DD4148D959C00DD63D1 /* Source */ = {
			isa = PBXGroup;
			children = (
				B31056F8148D93670069F0D5 /* KSJSON.xcodeproj */,
			);
			name = Source;
			sourceTree = "<group>";
		};
		B38742F91489B830004B227B = {
			isa = PBXGroup;
			children = (
				B387430E1489B830004B227B /* Demo */,
				B340F972148D52D800206F86 /* Zinc */,
				B340F984148D52D800206F86 /* ZincTests */,
				B31056F7148D934B0069F0D5 /* Dependencies */,
				B38743071489B830004B227B /* Frameworks */,
				B38743051489B830004B227B /* Products */,
			);
			sourceTree = "<group>";
		};
		B38743051489B830004B227B /* Products */ = {
			isa = PBXGroup;
			children = (
				B38743041489B830004B227B /* Zinc-iOS.app */,
				B340F970148D52D800206F86 /* libZinc.a */,
				B340F97D148D52D800206F86 /* ZincTests.octest */,
			);
			name = Products;
			sourceTree = "<group>";
		};
		B38743071489B830004B227B /* Frameworks */ = {
			isa = PBXGroup;
			children = (
				B31056F5148D8E430069F0D5 /* libKSJSON.a */,
				B340FA13148D801A00206F86 /* libAMFoundation_iOS.a */,
				B38743081489B830004B227B /* UIKit.framework */,
				B387430A1489B830004B227B /* Foundation.framework */,
				B387430C1489B830004B227B /* CoreGraphics.framework */,
				B340F94A148D514600206F86 /* SenTestingKit.framework */,
			);
			name = Frameworks;
			sourceTree = "<group>";
		};
		B387430E1489B830004B227B /* Demo */ = {
			isa = PBXGroup;
			children = (
				B38743171489B830004B227B /* AppDelegate.h */,
				B38743181489B830004B227B /* AppDelegate.m */,
				B387431A1489B830004B227B /* ViewController.h */,
				B387431B1489B830004B227B /* ViewController.m */,
				B387431D1489B830004B227B /* ViewController.xib */,
				B387430F1489B830004B227B /* Supporting Files */,
				B340F96B148D521000206F86 /* Resources */,
			);
			name = Demo;
			path = ZincDemo;
			sourceTree = "<group>";
		};
		B387430F1489B830004B227B /* Supporting Files */ = {
			isa = PBXGroup;
			children = (
				B38743101489B830004B227B /* Zinc-Demo-Info.plist */,
				B38743111489B830004B227B /* InfoPlist.strings */,
				B38743141489B830004B227B /* main.m */,
				B38743161489B830004B227B /* Zinc-Demo-Prefix.pch */,
			);
			name = "Supporting Files";
			sourceTree = "<group>";
		};
		B3AE461E149C1D0200767CBD /* AFNetworking */ = {
			isa = PBXGroup;
			children = (
				B3AE461F149C1D3400767CBD /* AFHTTPClient.h */,
				B3AE4620149C1D3400767CBD /* AFHTTPClient.m */,
				B3AE4621149C1D3400767CBD /* AFHTTPRequestOperation.h */,
				B3AE4622149C1D3400767CBD /* AFHTTPRequestOperation.m */,
				B3AE4623149C1D3400767CBD /* AFImageCache.h */,
				B3AE4624149C1D3400767CBD /* AFImageCache.m */,
				B3AE4625149C1D3400767CBD /* AFImageRequestOperation.h */,
				B3AE4626149C1D3400767CBD /* AFImageRequestOperation.m */,
				B3AE4627149C1D3400767CBD /* AFJSONRequestOperation.h */,
				B3AE4628149C1D3400767CBD /* AFJSONRequestOperation.m */,
				B3AE4629149C1D3400767CBD /* AFJSONUtilities.h */,
				B3AE462A149C1D3400767CBD /* AFNetworkActivityIndicatorManager.h */,
				B3AE462B149C1D3400767CBD /* AFNetworkActivityIndicatorManager.m */,
				B3AE462C149C1D3400767CBD /* AFNetworking.h */,
				B3AE462D149C1D3400767CBD /* AFPropertyListRequestOperation.h */,
				B3AE462E149C1D3400767CBD /* AFPropertyListRequestOperation.m */,
				B3AE462F149C1D3400767CBD /* AFURLConnectionOperation.h */,
				B3AE4630149C1D3400767CBD /* AFURLConnectionOperation.m */,
				B3AE4631149C1D3400767CBD /* AFXMLRequestOperation.h */,
				B3AE4632149C1D3400767CBD /* AFXMLRequestOperation.m */,
				B3AE4633149C1D3400767CBD /* UIImageView+AFNetworking.h */,
				B3AE4634149C1D3400767CBD /* UIImageView+AFNetworking.m */,
			);
			name = AFNetworking;
			sourceTree = "<group>";
		};
/* End PBXGroup section */

/* Begin PBXHeadersBuildPhase section */
		B340F96E148D52D800206F86 /* Headers */ = {
			isa = PBXHeadersBuildPhase;
			buildActionMask = 2147483647;
			files = (
				B340F995148D543B00206F86 /* ZCBundle.h in Headers */,
				B340F99B148D563000206F86 /* ZCBundle+Private.h in Headers */,
				B340FA04148D608D00206F86 /* NSFileManager+Zinc.h in Headers */,
				B340FA0F148D7DC100206F86 /* ZincErrors.h in Headers */,
				B3D28819148D87E900377B70 /* ZincRepo.h in Headers */,
				B3105722148D94480069F0D5 /* KSJSON.h in Headers */,
				B3105724148D94550069F0D5 /* AMFoundation.h in Headers */,
				B3549DD6148DA5CC00DD63D1 /* ZCFileSystem+Private.h in Headers */,
				B3549DEF148DB80900DD63D1 /* ZincManifest.h in Headers */,
				B3F8AF76148EFCDF00CB92B5 /* ZincClient.h in Headers */,
				B3AE4614149C0DDC00767CBD /* ZincIndex.h in Headers */,
				B3AE461C149C126E00767CBD /* AMURLRequestManager.h in Headers */,
				B3AE4635149C1D3400767CBD /* AFHTTPClient.h in Headers */,
				B3AE4637149C1D3400767CBD /* AFHTTPRequestOperation.h in Headers */,
				B3AE4639149C1D3400767CBD /* AFImageCache.h in Headers */,
				B3AE463B149C1D3400767CBD /* AFImageRequestOperation.h in Headers */,
				B3AE463D149C1D3400767CBD /* AFJSONRequestOperation.h in Headers */,
				B3AE463F149C1D3400767CBD /* AFJSONUtilities.h in Headers */,
				B3AE4640149C1D3400767CBD /* AFNetworkActivityIndicatorManager.h in Headers */,
				B3AE4642149C1D3400767CBD /* AFNetworking.h in Headers */,
				B3AE4643149C1D3400767CBD /* AFPropertyListRequestOperation.h in Headers */,
				B3AE4645149C1D3400767CBD /* AFURLConnectionOperation.h in Headers */,
				B3AE4647149C1D3400767CBD /* AFXMLRequestOperation.h in Headers */,
				B3AE4649149C1D3400767CBD /* UIImageView+AFNetworking.h in Headers */,
				B3AE464D149C1FA800767CBD /* ZCRemoteRepository.h in Headers */,
			);
			runOnlyForDeploymentPostprocessing = 0;
		};
/* End PBXHeadersBuildPhase section */

/* Begin PBXNativeTarget section */
		B340F96F148D52D800206F86 /* Zinc */ = {
			isa = PBXNativeTarget;
			buildConfigurationList = B340F98D148D52D800206F86 /* Build configuration list for PBXNativeTarget "Zinc" */;
			buildPhases = (
				B340F96C148D52D800206F86 /* Sources */,
				B340F96D148D52D800206F86 /* Frameworks */,
				B340F96E148D52D800206F86 /* Headers */,
			);
			buildRules = (
			);
			dependencies = (
				B3105716148D93B70069F0D5 /* PBXTargetDependency */,
				B3105714148D93B40069F0D5 /* PBXTargetDependency */,
			);
			name = Zinc;
			productName = Zinc;
			productReference = B340F970148D52D800206F86 /* libZinc.a */;
			productType = "com.apple.product-type.library.static";
		};
		B340F97C148D52D800206F86 /* ZincTests */ = {
			isa = PBXNativeTarget;
			buildConfigurationList = B340F990148D52D800206F86 /* Build configuration list for PBXNativeTarget "ZincTests" */;
			buildPhases = (
				B340F978148D52D800206F86 /* Sources */,
				B340F979148D52D800206F86 /* Frameworks */,
				B340F97A148D52D800206F86 /* Resources */,
				B340F97B148D52D800206F86 /* ShellScript */,
			);
			buildRules = (
			);
			dependencies = (
				B340F982148D52D800206F86 /* PBXTargetDependency */,
			);
			name = ZincTests;
			productName = ZincTests;
			productReference = B340F97D148D52D800206F86 /* ZincTests.octest */;
			productType = "com.apple.product-type.bundle";
		};
		B38743031489B830004B227B /* Zinc Demo */ = {
			isa = PBXNativeTarget;
			buildConfigurationList = B38743221489B830004B227B /* Build configuration list for PBXNativeTarget "Zinc Demo" */;
			buildPhases = (
				B38743001489B830004B227B /* Sources */,
				B38743011489B830004B227B /* Frameworks */,
				B38743021489B830004B227B /* Resources */,
			);
			buildRules = (
			);
			dependencies = (
				B340F998148D544B00206F86 /* PBXTargetDependency */,
			);
			name = "Zinc Demo";
			productName = ZincBundleTest;
			productReference = B38743041489B830004B227B /* Zinc-iOS.app */;
			productType = "com.apple.product-type.application";
		};
/* End PBXNativeTarget section */

/* Begin PBXProject section */
		B38742FB1489B830004B227B /* Project object */ = {
			isa = PBXProject;
			attributes = {
				LastUpgradeCheck = 0420;
				ORGANIZATIONNAME = MindSnacks;
			};
			buildConfigurationList = B38742FE1489B830004B227B /* Build configuration list for PBXProject "Zinc-iOS" */;
			compatibilityVersion = "Xcode 3.2";
			developmentRegion = English;
			hasScannedForEncodings = 0;
			knownRegions = (
				en,
			);
			mainGroup = B38742F91489B830004B227B;
			productRefGroup = B38743051489B830004B227B /* Products */;
			projectDirPath = "";
			projectReferences = (
				{
					ProductGroup = B3105705148D93980069F0D5 /* Products */;
					ProjectRef = B3105704148D93980069F0D5 /* AMFoundation.xcodeproj */;
				},
				{
					ProductGroup = B31056F9148D93670069F0D5 /* Products */;
					ProjectRef = B31056F8148D93670069F0D5 /* KSJSON.xcodeproj */;
				},
			);
			projectRoot = "";
			targets = (
				B38743031489B830004B227B /* Zinc Demo */,
				B340F96F148D52D800206F86 /* Zinc */,
				B340F97C148D52D800206F86 /* ZincTests */,
			);
		};
/* End PBXProject section */

/* Begin PBXReferenceProxy section */
		B3105701148D93670069F0D5 /* libKSJSON.a */ = {
			isa = PBXReferenceProxy;
			fileType = archive.ar;
			path = libKSJSON.a;
			remoteRef = B3105700148D93670069F0D5 /* PBXContainerItemProxy */;
			sourceTree = BUILT_PRODUCTS_DIR;
		};
		B3105703148D93670069F0D5 /* KSJSONTests.octest */ = {
			isa = PBXReferenceProxy;
			fileType = wrapper.cfbundle;
			path = KSJSONTests.octest;
			remoteRef = B3105702148D93670069F0D5 /* PBXContainerItemProxy */;
			sourceTree = BUILT_PRODUCTS_DIR;
		};
		B310570E148D93980069F0D5 /* libAMFoundation_iOS.a */ = {
			isa = PBXReferenceProxy;
			fileType = archive.ar;
			path = libAMFoundation_iOS.a;
			remoteRef = B310570D148D93980069F0D5 /* PBXContainerItemProxy */;
			sourceTree = BUILT_PRODUCTS_DIR;
		};
		B3105710148D93980069F0D5 /* libAMFoundation_Mac.a */ = {
			isa = PBXReferenceProxy;
			fileType = archive.ar;
			path = libAMFoundation_Mac.a;
			remoteRef = B310570F148D93980069F0D5 /* PBXContainerItemProxy */;
			sourceTree = BUILT_PRODUCTS_DIR;
		};
		B3105712148D93980069F0D5 /* AMFoundationTests.octest */ = {
			isa = PBXReferenceProxy;
			fileType = wrapper.cfbundle;
			path = AMFoundationTests.octest;
			remoteRef = B3105711148D93980069F0D5 /* PBXContainerItemProxy */;
			sourceTree = BUILT_PRODUCTS_DIR;
		};
/* End PBXReferenceProxy section */

/* Begin PBXResourcesBuildPhase section */
		B340F97A148D52D800206F86 /* Resources */ = {
			isa = PBXResourcesBuildPhase;
			buildActionMask = 2147483647;
			files = (
				B340F989148D52D800206F86 /* InfoPlist.strings in Resources */,
				B3549DF3148DC0ED00DD63D1 /* Data in Resources */,
			);
			runOnlyForDeploymentPostprocessing = 0;
		};
		B38743021489B830004B227B /* Resources */ = {
			isa = PBXResourcesBuildPhase;
			buildActionMask = 2147483647;
			files = (
				B38743131489B830004B227B /* InfoPlist.strings in Resources */,
				B387431F1489B830004B227B /* ViewController.xib in Resources */,
			);
			runOnlyForDeploymentPostprocessing = 0;
		};
/* End PBXResourcesBuildPhase section */

/* Begin PBXShellScriptBuildPhase section */
		B340F97B148D52D800206F86 /* ShellScript */ = {
			isa = PBXShellScriptBuildPhase;
			buildActionMask = 2147483647;
			files = (
			);
			inputPaths = (
			);
			outputPaths = (
			);
			runOnlyForDeploymentPostprocessing = 0;
			shellPath = /bin/sh;
			shellScript = "# Run the unit tests in this test bundle.\n\"${SYSTEM_DEVELOPER_DIR}/Tools/RunUnitTests\"\n";
		};
/* End PBXShellScriptBuildPhase section */

/* Begin PBXSourcesBuildPhase section */
		B340F96C148D52D800206F86 /* Sources */ = {
			isa = PBXSourcesBuildPhase;
			buildActionMask = 2147483647;
			files = (
				B340F977148D52D800206F86 /* Zinc.m in Sources */,
				B340F996148D543B00206F86 /* ZCBundle.m in Sources */,
				B340FA05148D608D00206F86 /* NSFileManager+Zinc.m in Sources */,
				B3D2881A148D87EE00377B70 /* ZincRepo.m in Sources */,
				B3549DCF148D957900DD63D1 /* KSJSON.m in Sources */,
				B3549DF0148DB80900DD63D1 /* ZincManifest.m in Sources */,
				B3F8AF77148EFCDF00CB92B5 /* ZincClient.m in Sources */,
				B3AE4615149C0DDC00767CBD /* ZincIndex.m in Sources */,
				B3AE461D149C126E00767CBD /* AMURLRequestManager.m in Sources */,
				B3AE4636149C1D3400767CBD /* AFHTTPClient.m in Sources */,
				B3AE4638149C1D3400767CBD /* AFHTTPRequestOperation.m in Sources */,
				B3AE463A149C1D3400767CBD /* AFImageCache.m in Sources */,
				B3AE463C149C1D3400767CBD /* AFImageRequestOperation.m in Sources */,
				B3AE463E149C1D3400767CBD /* AFJSONRequestOperation.m in Sources */,
				B3AE4641149C1D3400767CBD /* AFNetworkActivityIndicatorManager.m in Sources */,
				B3AE4644149C1D3400767CBD /* AFPropertyListRequestOperation.m in Sources */,
				B3AE4646149C1D3400767CBD /* AFURLConnectionOperation.m in Sources */,
				B3AE4648149C1D3400767CBD /* AFXMLRequestOperation.m in Sources */,
				B3AE464A149C1D3400767CBD /* UIImageView+AFNetworking.m in Sources */,
				B3AE464E149C1FA800767CBD /* ZCRemoteRepository.m in Sources */,
			);
			runOnlyForDeploymentPostprocessing = 0;
		};
		B340F978148D52D800206F86 /* Sources */ = {
			isa = PBXSourcesBuildPhase;
			buildActionMask = 2147483647;
			files = (
				B340F98C148D52D800206F86 /* ZincFunctionalTests.m in Sources */,
				B340F9BC148D5C6200206F86 /* ZCBundleTests.m in Sources */,
				B340FA0C148D67C400206F86 /* SenTestCase+MethodSwizzling.m in Sources */,
			);
			runOnlyForDeploymentPostprocessing = 0;
		};
		B38743001489B830004B227B /* Sources */ = {
			isa = PBXSourcesBuildPhase;
			buildActionMask = 2147483647;
			files = (
				B38743151489B830004B227B /* main.m in Sources */,
				B38743191489B830004B227B /* AppDelegate.m in Sources */,
				B387431C1489B830004B227B /* ViewController.m in Sources */,
			);
			runOnlyForDeploymentPostprocessing = 0;
		};
/* End PBXSourcesBuildPhase section */

/* Begin PBXTargetDependency section */
		B3105714148D93B40069F0D5 /* PBXTargetDependency */ = {
			isa = PBXTargetDependency;
			name = AMFoundation_iOS;
			targetProxy = B3105713148D93B40069F0D5 /* PBXContainerItemProxy */;
		};
		B3105716148D93B70069F0D5 /* PBXTargetDependency */ = {
			isa = PBXTargetDependency;
			name = KSJSON;
			targetProxy = B3105715148D93B70069F0D5 /* PBXContainerItemProxy */;
		};
		B340F982148D52D800206F86 /* PBXTargetDependency */ = {
			isa = PBXTargetDependency;
			target = B340F96F148D52D800206F86 /* Zinc */;
			targetProxy = B340F981148D52D800206F86 /* PBXContainerItemProxy */;
		};
		B340F998148D544B00206F86 /* PBXTargetDependency */ = {
			isa = PBXTargetDependency;
			target = B340F96F148D52D800206F86 /* Zinc */;
			targetProxy = B340F997148D544B00206F86 /* PBXContainerItemProxy */;
		};
/* End PBXTargetDependency section */

/* Begin PBXVariantGroup section */
		B340F987148D52D800206F86 /* InfoPlist.strings */ = {
			isa = PBXVariantGroup;
			children = (
				B340F988148D52D800206F86 /* en */,
			);
			name = InfoPlist.strings;
			sourceTree = "<group>";
		};
		B38743111489B830004B227B /* InfoPlist.strings */ = {
			isa = PBXVariantGroup;
			children = (
				B38743121489B830004B227B /* en */,
			);
			name = InfoPlist.strings;
			sourceTree = "<group>";
		};
		B387431D1489B830004B227B /* ViewController.xib */ = {
			isa = PBXVariantGroup;
			children = (
				B387431E1489B830004B227B /* en */,
			);
			name = ViewController.xib;
			sourceTree = "<group>";
		};
/* End PBXVariantGroup section */

/* Begin XCBuildConfiguration section */
		B340F98E148D52D800206F86 /* Debug */ = {
			isa = XCBuildConfiguration;
			buildSettings = {
				DSTROOT = /tmp/Zinc.dst;
				GCC_PREFIX_HEADER = "Zinc/Zinc-Prefix.pch";
				OTHER_LDFLAGS = "-ObjC";
				PRODUCT_NAME = "$(TARGET_NAME)";
				SKIP_INSTALL = YES;
			};
			name = Debug;
		};
		B340F98F148D52D800206F86 /* Release */ = {
			isa = XCBuildConfiguration;
			buildSettings = {
				DSTROOT = /tmp/Zinc.dst;
				GCC_PREFIX_HEADER = "Zinc/Zinc-Prefix.pch";
				OTHER_LDFLAGS = "-ObjC";
				PRODUCT_NAME = "$(TARGET_NAME)";
				SKIP_INSTALL = YES;
			};
			name = Release;
		};
		B340F991148D52D800206F86 /* Debug */ = {
			isa = XCBuildConfiguration;
			buildSettings = {
				FRAMEWORK_SEARCH_PATHS = (
					"$(SDKROOT)/Developer/Library/Frameworks",
					"$(DEVELOPER_LIBRARY_DIR)/Frameworks",
				);
				GCC_PREFIX_HEADER = "ZincTests/ZincTests-Prefix.pch";
				HEADER_SEARCH_PATHS = "\"$(SRCROOT)/ZincTests/Dependencies/OCMock-1.77/Headers\"/**";
				INFOPLIST_FILE = "ZincTests/ZincTests-Info.plist";
				LIBRARY_SEARCH_PATHS = (
					"$(inherited)",
					"\"$(SRCROOT)/ZincTests/Dependencies/OCMock-1.77\"",
				);
				OTHER_LDFLAGS = "-ObjC";
				PRODUCT_NAME = "$(TARGET_NAME)";
				USER_HEADER_SEARCH_PATHS = "";
				WRAPPER_EXTENSION = octest;
			};
			name = Debug;
		};
		B340F992148D52D800206F86 /* Release */ = {
			isa = XCBuildConfiguration;
			buildSettings = {
				FRAMEWORK_SEARCH_PATHS = (
					"$(SDKROOT)/Developer/Library/Frameworks",
					"$(DEVELOPER_LIBRARY_DIR)/Frameworks",
				);
				GCC_PREFIX_HEADER = "ZincTests/ZincTests-Prefix.pch";
				HEADER_SEARCH_PATHS = "\"$(SRCROOT)/ZincTests/Dependencies/OCMock-1.77/Headers\"/**";
				INFOPLIST_FILE = "ZincTests/ZincTests-Info.plist";
				LIBRARY_SEARCH_PATHS = (
					"$(inherited)",
					"\"$(SRCROOT)/ZincTests/Dependencies/OCMock-1.77\"",
				);
				OTHER_LDFLAGS = "-ObjC";
				PRODUCT_NAME = "$(TARGET_NAME)";
				USER_HEADER_SEARCH_PATHS = "";
				WRAPPER_EXTENSION = octest;
			};
			name = Release;
		};
		B38743201489B830004B227B /* Debug */ = {
			isa = XCBuildConfiguration;
			buildSettings = {
				ALWAYS_SEARCH_USER_PATHS = NO;
				ARCHS = "$(ARCHS_STANDARD_32_BIT)";
				"CODE_SIGN_IDENTITY[sdk=iphoneos*]" = "iPhone Developer";
				COPY_PHASE_STRIP = NO;
				GCC_C_LANGUAGE_STANDARD = gnu99;
				GCC_DYNAMIC_NO_PIC = NO;
				GCC_OPTIMIZATION_LEVEL = 0;
				GCC_PREPROCESSOR_DEFINITIONS = (
					"DEBUG=1",
					"$(inherited)",
				);
				GCC_SYMBOLS_PRIVATE_EXTERN = NO;
				GCC_VERSION = com.apple.compilers.llvm.clang.1_0;
				GCC_WARN_ABOUT_MISSING_PROTOTYPES = YES;
				GCC_WARN_ABOUT_RETURN_TYPE = YES;
				GCC_WARN_UNUSED_VARIABLE = YES;
				IPHONEOS_DEPLOYMENT_TARGET = 5.0;
				SDKROOT = iphoneos;
			};
			name = Debug;
		};
		B38743211489B830004B227B /* Release */ = {
			isa = XCBuildConfiguration;
			buildSettings = {
				ALWAYS_SEARCH_USER_PATHS = NO;
				ARCHS = "$(ARCHS_STANDARD_32_BIT)";
				"CODE_SIGN_IDENTITY[sdk=iphoneos*]" = "iPhone Developer";
				COPY_PHASE_STRIP = YES;
				GCC_C_LANGUAGE_STANDARD = gnu99;
				GCC_VERSION = com.apple.compilers.llvm.clang.1_0;
				GCC_WARN_ABOUT_MISSING_PROTOTYPES = YES;
				GCC_WARN_ABOUT_RETURN_TYPE = YES;
				GCC_WARN_UNUSED_VARIABLE = YES;
				IPHONEOS_DEPLOYMENT_TARGET = 5.0;
				OTHER_CFLAGS = "-DNS_BLOCK_ASSERTIONS=1";
				SDKROOT = iphoneos;
				VALIDATE_PRODUCT = YES;
			};
			name = Release;
		};
		B38743231489B830004B227B /* Debug */ = {
			isa = XCBuildConfiguration;
			buildSettings = {
				GCC_PRECOMPILE_PREFIX_HEADER = YES;
				GCC_PREFIX_HEADER = "ZincDemo/Zinc-Demo-Prefix.pch";
				INFOPLIST_FILE = "ZincDemo/Zinc-Demo-Info.plist";
				PRODUCT_NAME = "Zinc-iOS";
				WRAPPER_EXTENSION = app;
			};
			name = Debug;
		};
		B38743241489B830004B227B /* Release */ = {
			isa = XCBuildConfiguration;
			buildSettings = {
				GCC_PRECOMPILE_PREFIX_HEADER = YES;
				GCC_PREFIX_HEADER = "ZincDemo/Zinc-Demo-Prefix.pch";
				INFOPLIST_FILE = "ZincDemo/Zinc-Demo-Info.plist";
				PRODUCT_NAME = "Zinc-iOS";
				WRAPPER_EXTENSION = app;
			};
			name = Release;
		};
/* End XCBuildConfiguration section */

/* Begin XCConfigurationList section */
		B340F98D148D52D800206F86 /* Build configuration list for PBXNativeTarget "Zinc" */ = {
			isa = XCConfigurationList;
			buildConfigurations = (
				B340F98E148D52D800206F86 /* Debug */,
				B340F98F148D52D800206F86 /* Release */,
			);
			defaultConfigurationIsVisible = 0;
			defaultConfigurationName = Release;
		};
		B340F990148D52D800206F86 /* Build configuration list for PBXNativeTarget "ZincTests" */ = {
			isa = XCConfigurationList;
			buildConfigurations = (
				B340F991148D52D800206F86 /* Debug */,
				B340F992148D52D800206F86 /* Release */,
			);
			defaultConfigurationIsVisible = 0;
			defaultConfigurationName = Release;
		};
		B38742FE1489B830004B227B /* Build configuration list for PBXProject "Zinc-iOS" */ = {
			isa = XCConfigurationList;
			buildConfigurations = (
				B38743201489B830004B227B /* Debug */,
				B38743211489B830004B227B /* Release */,
			);
			defaultConfigurationIsVisible = 0;
			defaultConfigurationName = Release;
		};
		B38743221489B830004B227B /* Build configuration list for PBXNativeTarget "Zinc Demo" */ = {
			isa = XCConfigurationList;
			buildConfigurations = (
				B38743231489B830004B227B /* Debug */,
				B38743241489B830004B227B /* Release */,
			);
			defaultConfigurationIsVisible = 0;
			defaultConfigurationName = Release;
		};
/* End XCConfigurationList section */
	};
	rootObject = B38742FB1489B830004B227B /* Project object */;
}
